// !$*UTF8*$!
{
	archiveVersion = 1;
	classes = {
	};
	objectVersion = 45;
	objects = {

/* Begin PBXBuildFile section */
		5D1C1B4912A9A5170055EC91 /* SGGeometryTest.m in Sources */ = {isa = PBXBuildFile; fileRef = 5D1C1B4712A9A5170055EC91 /* SGGeometryTest.m */; };
		5D1C1B9C12A9AD1A0055EC91 /* SimpleGeo+Context.h in Headers */ = {isa = PBXBuildFile; fileRef = 5D1C1B9A12A9AD1A0055EC91 /* SimpleGeo+Context.h */; settings = {ATTRIBUTES = (Public, ); }; };
		5D1C1B9D12A9AD1A0055EC91 /* SimpleGeo+Context.m in Sources */ = {isa = PBXBuildFile; fileRef = 5D1C1B9B12A9AD1A0055EC91 /* SimpleGeo+Context.m */; };
		5D1C1B9E12A9AD1A0055EC91 /* SimpleGeo+Context.m in Sources */ = {isa = PBXBuildFile; fileRef = 5D1C1B9B12A9AD1A0055EC91 /* SimpleGeo+Context.m */; };
		5D3990DF12A4642B00EB7B20 /* SGFeatureCollection.m in Sources */ = {isa = PBXBuildFile; fileRef = 5D3990DE12A4642B00EB7B20 /* SGFeatureCollection.m */; };
		5D3990E012A4642B00EB7B20 /* SGFeatureCollection.h in Headers */ = {isa = PBXBuildFile; fileRef = 5D3990DD12A4642B00EB7B20 /* SGFeatureCollection.h */; settings = {ATTRIBUTES = (Public, ); }; };
		5D3990E112A4642B00EB7B20 /* SGFeatureCollection.m in Sources */ = {isa = PBXBuildFile; fileRef = 5D3990DE12A4642B00EB7B20 /* SGFeatureCollection.m */; };
		5D3991E612A489EF00EB7B20 /* SimpleGeo+Places.m in Sources */ = {isa = PBXBuildFile; fileRef = 5D3991E512A489EF00EB7B20 /* SimpleGeo+Places.m */; };
		5D3991E712A489EF00EB7B20 /* SimpleGeo+Places.h in Headers */ = {isa = PBXBuildFile; fileRef = 5D3991E412A489EF00EB7B20 /* SimpleGeo+Places.h */; settings = {ATTRIBUTES = (Public, ); }; };
		5D3991E812A489EF00EB7B20 /* SimpleGeo+Places.m in Sources */ = {isa = PBXBuildFile; fileRef = 5D3991E512A489EF00EB7B20 /* SimpleGeo+Places.m */; };
		5D39921C12A48F3F00EB7B20 /* SimpleGeo+Internal.m in Sources */ = {isa = PBXBuildFile; fileRef = 5D39921B12A48F3F00EB7B20 /* SimpleGeo+Internal.m */; };
		5D39921D12A48F3F00EB7B20 /* SimpleGeo+Internal.h in Headers */ = {isa = PBXBuildFile; fileRef = 5D39921A12A48F3F00EB7B20 /* SimpleGeo+Internal.h */; settings = {ATTRIBUTES = (Public, ); }; };
		5D39921E12A48F3F00EB7B20 /* SimpleGeo+Internal.m in Sources */ = {isa = PBXBuildFile; fileRef = 5D39921B12A48F3F00EB7B20 /* SimpleGeo+Internal.m */; };
		5D39940E12A893D500EB7B20 /* SimpleGeoTest+Places.m in Sources */ = {isa = PBXBuildFile; fileRef = 5D39940D12A893D500EB7B20 /* SimpleGeoTest+Places.m */; };
		5D39948812A8A2B600EB7B20 /* SimpleGeoTest+Context.m in Sources */ = {isa = PBXBuildFile; fileRef = 5D39948712A8A2B600EB7B20 /* SimpleGeoTest+Context.m */; };
		5D3994E712A8A8A700EB7B20 /* SGGeometry.m in Sources */ = {isa = PBXBuildFile; fileRef = 5D3994E612A8A8A700EB7B20 /* SGGeometry.m */; };
		5D3994E812A8A8A700EB7B20 /* SGGeometry.h in Headers */ = {isa = PBXBuildFile; fileRef = 5D3994E512A8A8A700EB7B20 /* SGGeometry.h */; settings = {ATTRIBUTES = (Public, ); }; };
		5D3994E912A8A8A700EB7B20 /* SGGeometry.m in Sources */ = {isa = PBXBuildFile; fileRef = 5D3994E612A8A8A700EB7B20 /* SGGeometry.m */; };
		5D3994EE12A8AB4300EB7B20 /* SGPolygon.m in Sources */ = {isa = PBXBuildFile; fileRef = 5D3994ED12A8AB4300EB7B20 /* SGPolygon.m */; };
		5D3994EF12A8AB4300EB7B20 /* SGPolygon.h in Headers */ = {isa = PBXBuildFile; fileRef = 5D3994EC12A8AB4300EB7B20 /* SGPolygon.h */; settings = {ATTRIBUTES = (Public, ); }; };
		5D3994F012A8AB4300EB7B20 /* SGPolygon.m in Sources */ = {isa = PBXBuildFile; fileRef = 5D3994ED12A8AB4300EB7B20 /* SGPolygon.m */; };
		5D5B02C71291A37700399A50 /* YAJL.framework in Frameworks */ = {isa = PBXBuildFile; fileRef = 5D5B02C61291A37700399A50 /* YAJL.framework */; };
		5D5B036F1291BD4500399A50 /* SGFeature.m in Sources */ = {isa = PBXBuildFile; fileRef = 5D5B036E1291BD4500399A50 /* SGFeature.m */; };
		5D5B03701291BD4500399A50 /* SGFeature.h in Headers */ = {isa = PBXBuildFile; fileRef = 5D5B036D1291BD4500399A50 /* SGFeature.h */; settings = {ATTRIBUTES = (Public, ); }; };
		5D5B03711291BD4500399A50 /* SGFeature.m in Sources */ = {isa = PBXBuildFile; fileRef = 5D5B036E1291BD4500399A50 /* SGFeature.m */; };
		5D5B05D012934A9D00399A50 /* NSArray+SGFeature.h in Headers */ = {isa = PBXBuildFile; fileRef = 5D5B05CE12934A9D00399A50 /* NSArray+SGFeature.h */; };
		5D5B05D112934A9D00399A50 /* NSArray+SGFeature.m in Sources */ = {isa = PBXBuildFile; fileRef = 5D5B05CF12934A9D00399A50 /* NSArray+SGFeature.m */; };
		5D5B05D212934A9D00399A50 /* NSArray+SGFeature.m in Sources */ = {isa = PBXBuildFile; fileRef = 5D5B05CF12934A9D00399A50 /* NSArray+SGFeature.m */; };
		5D76741E12908B53006B7D51 /* SGPoint.m in Sources */ = {isa = PBXBuildFile; fileRef = 5DA3C344128E427C00E128DC /* SGPoint.m */; };
		5D7674B712909AAB006B7D51 /* SystemConfiguration.framework in Frameworks */ = {isa = PBXBuildFile; fileRef = 5D7674B612909AAB006B7D51 /* SystemConfiguration.framework */; };
		5D7674BB12909ABA006B7D51 /* libz.dylib in Frameworks */ = {isa = PBXBuildFile; fileRef = 5D7674BA12909ABA006B7D51 /* libz.dylib */; };
		5D7674BD12909ACB006B7D51 /* CoreServices.framework in Frameworks */ = {isa = PBXBuildFile; fileRef = 5D7674BC12909ACB006B7D51 /* CoreServices.framework */; };
		5D7674D112909E49006B7D51 /* CoreServices.framework in Frameworks */ = {isa = PBXBuildFile; fileRef = 5D7674BC12909ACB006B7D51 /* CoreServices.framework */; };
		5D7674D212909E51006B7D51 /* SystemConfiguration.framework in Frameworks */ = {isa = PBXBuildFile; fileRef = 5D7674B612909AAB006B7D51 /* SystemConfiguration.framework */; };
		5D7674D312909E58006B7D51 /* libz.dylib in Frameworks */ = {isa = PBXBuildFile; fileRef = 5D7674BA12909ABA006B7D51 /* libz.dylib */; };
		5D7676151290EAE1006B7D51 /* SimpleGeo.m in Sources */ = {isa = PBXBuildFile; fileRef = 5D7676131290EAE1006B7D51 /* SimpleGeo.m */; };
		5D7676161290EAE1006B7D51 /* SimpleGeo.m in Sources */ = {isa = PBXBuildFile; fileRef = 5D7676131290EAE1006B7D51 /* SimpleGeo.m */; };
		5D7676171290EAE1006B7D51 /* SimpleGeo.h in Headers */ = {isa = PBXBuildFile; fileRef = 5D7676141290EAE1006B7D51 /* SimpleGeo.h */; settings = {ATTRIBUTES = (Public, ); }; };
		5D76761C1290EB2A006B7D51 /* SimpleGeoTest.m in Sources */ = {isa = PBXBuildFile; fileRef = 5D7676181290EB2A006B7D51 /* SimpleGeoTest.m */; };
		5D76761D1290EB2A006B7D51 /* SGFeatureTest.m in Sources */ = {isa = PBXBuildFile; fileRef = 5D7676191290EB2A006B7D51 /* SGFeatureTest.m */; };
		5D76761E1290EB2A006B7D51 /* SGPointTest.m in Sources */ = {isa = PBXBuildFile; fileRef = 5D76761A1290EB2A006B7D51 /* SGPointTest.m */; };
		5D76761F1290EB2A006B7D51 /* GHUnitTestMain.m in Sources */ = {isa = PBXBuildFile; fileRef = 5D76761B1290EB2A006B7D51 /* GHUnitTestMain.m */; };
		5D7676381290EE9F006B7D51 /* ASINetworkQueue.m in Sources */ = {isa = PBXBuildFile; fileRef = 5D7676261290EE9F006B7D51 /* ASINetworkQueue.m */; };
		5D7676391290EE9F006B7D51 /* ASIInputStream.m in Sources */ = {isa = PBXBuildFile; fileRef = 5D7676281290EE9F006B7D51 /* ASIInputStream.m */; };
		5D76763A1290EE9F006B7D51 /* ASIHTTPRequest.m in Sources */ = {isa = PBXBuildFile; fileRef = 5D76762A1290EE9F006B7D51 /* ASIHTTPRequest.m */; };
		5D76763B1290EE9F006B7D51 /* ASIDownloadCache.m in Sources */ = {isa = PBXBuildFile; fileRef = 5D76762C1290EE9F006B7D51 /* ASIDownloadCache.m */; };
		5D76763C1290EE9F006B7D51 /* ASIDataDecompressor.m in Sources */ = {isa = PBXBuildFile; fileRef = 5D76762D1290EE9F006B7D51 /* ASIDataDecompressor.m */; };
		5D76763D1290EE9F006B7D51 /* ASIDataCompressor.m in Sources */ = {isa = PBXBuildFile; fileRef = 5D76762F1290EE9F006B7D51 /* ASIDataCompressor.m */; };
		5D76763E1290EE9F006B7D51 /* ASIFormDataRequest.m in Sources */ = {isa = PBXBuildFile; fileRef = 5D7676351290EE9F006B7D51 /* ASIFormDataRequest.m */; };
		5D76763F1290EE9F006B7D51 /* ASINetworkQueue.m in Sources */ = {isa = PBXBuildFile; fileRef = 5D7676261290EE9F006B7D51 /* ASINetworkQueue.m */; };
		5D7676401290EE9F006B7D51 /* ASINetworkQueue.h in Headers */ = {isa = PBXBuildFile; fileRef = 5D7676271290EE9F006B7D51 /* ASINetworkQueue.h */; settings = {ATTRIBUTES = (Public, ); }; };
		5D7676411290EE9F006B7D51 /* ASIInputStream.m in Sources */ = {isa = PBXBuildFile; fileRef = 5D7676281290EE9F006B7D51 /* ASIInputStream.m */; };
		5D7676421290EE9F006B7D51 /* ASIHTTPRequestDelegate.h in Headers */ = {isa = PBXBuildFile; fileRef = 5D7676291290EE9F006B7D51 /* ASIHTTPRequestDelegate.h */; settings = {ATTRIBUTES = (Public, ); }; };
		5D7676431290EE9F006B7D51 /* ASIHTTPRequest.m in Sources */ = {isa = PBXBuildFile; fileRef = 5D76762A1290EE9F006B7D51 /* ASIHTTPRequest.m */; };
		5D7676441290EE9F006B7D51 /* ASIHTTPRequest.h in Headers */ = {isa = PBXBuildFile; fileRef = 5D76762B1290EE9F006B7D51 /* ASIHTTPRequest.h */; settings = {ATTRIBUTES = (Public, ); }; };
		5D7676451290EE9F006B7D51 /* ASIDownloadCache.m in Sources */ = {isa = PBXBuildFile; fileRef = 5D76762C1290EE9F006B7D51 /* ASIDownloadCache.m */; };
		5D7676461290EE9F006B7D51 /* ASIDataDecompressor.m in Sources */ = {isa = PBXBuildFile; fileRef = 5D76762D1290EE9F006B7D51 /* ASIDataDecompressor.m */; };
		5D7676471290EE9F006B7D51 /* ASIDataDecompressor.h in Headers */ = {isa = PBXBuildFile; fileRef = 5D76762E1290EE9F006B7D51 /* ASIDataDecompressor.h */; settings = {ATTRIBUTES = (Public, ); }; };
		5D7676481290EE9F006B7D51 /* ASIDataCompressor.m in Sources */ = {isa = PBXBuildFile; fileRef = 5D76762F1290EE9F006B7D51 /* ASIDataCompressor.m */; };
		5D7676491290EE9F006B7D51 /* ASIDataCompressor.h in Headers */ = {isa = PBXBuildFile; fileRef = 5D7676301290EE9F006B7D51 /* ASIDataCompressor.h */; settings = {ATTRIBUTES = (Public, ); }; };
		5D76764A1290EE9F006B7D51 /* ASICacheDelegate.h in Headers */ = {isa = PBXBuildFile; fileRef = 5D7676311290EE9F006B7D51 /* ASICacheDelegate.h */; settings = {ATTRIBUTES = (Public, ); }; };
		5D76764B1290EE9F006B7D51 /* ASIProgressDelegate.h in Headers */ = {isa = PBXBuildFile; fileRef = 5D7676321290EE9F006B7D51 /* ASIProgressDelegate.h */; settings = {ATTRIBUTES = (Public, ); }; };
		5D76764C1290EE9F006B7D51 /* ASIInputStream.h in Headers */ = {isa = PBXBuildFile; fileRef = 5D7676331290EE9F006B7D51 /* ASIInputStream.h */; settings = {ATTRIBUTES = (Public, ); }; };
		5D76764D1290EE9F006B7D51 /* ASIHTTPRequestConfig.h in Headers */ = {isa = PBXBuildFile; fileRef = 5D7676341290EE9F006B7D51 /* ASIHTTPRequestConfig.h */; settings = {ATTRIBUTES = (Public, ); }; };
		5D76764E1290EE9F006B7D51 /* ASIFormDataRequest.m in Sources */ = {isa = PBXBuildFile; fileRef = 5D7676351290EE9F006B7D51 /* ASIFormDataRequest.m */; };
		5D76764F1290EE9F006B7D51 /* ASIFormDataRequest.h in Headers */ = {isa = PBXBuildFile; fileRef = 5D7676361290EE9F006B7D51 /* ASIFormDataRequest.h */; settings = {ATTRIBUTES = (Public, ); }; };
		5D7676501290EE9F006B7D51 /* ASIDownloadCache.h in Headers */ = {isa = PBXBuildFile; fileRef = 5D7676371290EE9F006B7D51 /* ASIDownloadCache.h */; settings = {ATTRIBUTES = (Public, ); }; };
		5D8C148F129C7FFB002F8C01 /* ASIHTTPRequest+OAuth.h in Headers */ = {isa = PBXBuildFile; fileRef = 5D8C148D129C7FFB002F8C01 /* ASIHTTPRequest+OAuth.h */; };
		5D8C1568129DE193002F8C01 /* Base64Transcoder.c in Sources */ = {isa = PBXBuildFile; fileRef = 5D8C1566129DE193002F8C01 /* Base64Transcoder.c */; };
		5D8C1569129DE193002F8C01 /* Base64Transcoder.h in Headers */ = {isa = PBXBuildFile; fileRef = 5D8C1567129DE193002F8C01 /* Base64Transcoder.h */; };
		5D8C158B129DE515002F8C01 /* ASIHTTPRequest+OAuth.m in Sources */ = {isa = PBXBuildFile; fileRef = 5D8C148E129C7FFB002F8C01 /* ASIHTTPRequest+OAuth.m */; };
		5D8C15D3129DE755002F8C01 /* Base64Transcoder.c in Sources */ = {isa = PBXBuildFile; fileRef = 5D8C1566129DE193002F8C01 /* Base64Transcoder.c */; };
		5D8C15D6129DE763002F8C01 /* ASIHTTPRequest+OAuth.m in Sources */ = {isa = PBXBuildFile; fileRef = 5D8C148E129C7FFB002F8C01 /* ASIHTTPRequest+OAuth.m */; };
		5D8C15E7129DE86E002F8C01 /* AppKit.framework in Frameworks */ = {isa = PBXBuildFile; fileRef = 5D8C15E6129DE86E002F8C01 /* AppKit.framework */; };
		5D8C1614129DED38002F8C01 /* NSString+URLEncoding.m in Sources */ = {isa = PBXBuildFile; fileRef = 5D8C1613129DED38002F8C01 /* NSString+URLEncoding.m */; };
		5D8C1615129DED38002F8C01 /* NSString+URLEncoding.h in Headers */ = {isa = PBXBuildFile; fileRef = 5D8C1612129DED38002F8C01 /* NSString+URLEncoding.h */; };
		5D8C1616129DED38002F8C01 /* NSString+URLEncoding.m in Sources */ = {isa = PBXBuildFile; fileRef = 5D8C1613129DED38002F8C01 /* NSString+URLEncoding.m */; };
		5DA3C345128E427C00E128DC /* SGPoint.h in Headers */ = {isa = PBXBuildFile; fileRef = 5DA3C343128E427C00E128DC /* SGPoint.h */; settings = {ATTRIBUTES = (Public, ); }; };
		5DA3C346128E427C00E128DC /* SGPoint.m in Sources */ = {isa = PBXBuildFile; fileRef = 5DA3C344128E427C00E128DC /* SGPoint.m */; };
		5DA3C35A128E449B00E128DC /* GHUnit.framework in Frameworks */ = {isa = PBXBuildFile; fileRef = 5DA3C359128E449B00E128DC /* GHUnit.framework */; };
		5DF0864A12ADC878007A8A60 /* SGFeature+Private.h in Headers */ = {isa = PBXBuildFile; fileRef = 5DF0864912ADC878007A8A60 /* SGFeature+Private.h */; };
		5DF0865B12ADC94E007A8A60 /* SGFeatureCollection+Private.h in Headers */ = {isa = PBXBuildFile; fileRef = 5DF0865A12ADC94E007A8A60 /* SGFeatureCollection+Private.h */; };
		5DF0866D12ADCA9B007A8A60 /* SGGeometry+Private.h in Headers */ = {isa = PBXBuildFile; fileRef = 5DF0866C12ADCA9B007A8A60 /* SGGeometry+Private.h */; };
		5DF0867B12ADCB21007A8A60 /* SGPolygon+Private.h in Headers */ = {isa = PBXBuildFile; fileRef = 5DF0867A12ADCB21007A8A60 /* SGPolygon+Private.h */; };
		5DF0868912ADCBC5007A8A60 /* SGPoint+Private.h in Headers */ = {isa = PBXBuildFile; fileRef = 5DF0868812ADCBC5007A8A60 /* SGPoint+Private.h */; };
		8DC2EF530486A6940098B216 /* InfoPlist.strings in Resources */ = {isa = PBXBuildFile; fileRef = 089C1666FE841158C02AAC07 /* InfoPlist.strings */; };
		8DC2EF570486A6940098B216 /* Cocoa.framework in Frameworks */ = {isa = PBXBuildFile; fileRef = 1058C7B1FEA5585E11CA2CBB /* Cocoa.framework */; };
/* End PBXBuildFile section */

/* Begin PBXContainerItemProxy section */
		5DA3C35F128E44B700E128DC /* PBXContainerItemProxy */ = {
			isa = PBXContainerItemProxy;
			containerPortal = 0867D690FE84028FC02AAC07 /* Project object */;
			proxyType = 1;
			remoteGlobalIDString = 8DC2EF4F0486A6940098B216;
			remoteInfo = SimpleGeo;
		};
/* End PBXContainerItemProxy section */

/* Begin PBXFileReference section */
		0867D69BFE84028FC02AAC07 /* Foundation.framework */ = {isa = PBXFileReference; lastKnownFileType = wrapper.framework; name = Foundation.framework; path = /System/Library/Frameworks/Foundation.framework; sourceTree = "<absolute>"; };
		0867D6A5FE840307C02AAC07 /* AppKit.framework */ = {isa = PBXFileReference; lastKnownFileType = wrapper.framework; name = AppKit.framework; path = /System/Library/Frameworks/AppKit.framework; sourceTree = "<absolute>"; };
		089C1667FE841158C02AAC07 /* English */ = {isa = PBXFileReference; fileEncoding = 4; lastKnownFileType = text.plist.strings; name = English; path = English.lproj/InfoPlist.strings; sourceTree = "<group>"; };
		1058C7B1FEA5585E11CA2CBB /* Cocoa.framework */ = {isa = PBXFileReference; lastKnownFileType = wrapper.framework; name = Cocoa.framework; path = /System/Library/Frameworks/Cocoa.framework; sourceTree = "<absolute>"; };
		32DBCF5E0370ADEE00C91783 /* SimpleGeo_Prefix.pch */ = {isa = PBXFileReference; fileEncoding = 4; lastKnownFileType = sourcecode.c.h; path = SimpleGeo_Prefix.pch; sourceTree = "<group>"; };
		5D1C1B4712A9A5170055EC91 /* SGGeometryTest.m */ = {isa = PBXFileReference; fileEncoding = 4; lastKnownFileType = sourcecode.c.objc; name = SGGeometryTest.m; path = test/SGGeometryTest.m; sourceTree = "<group>"; };
		5D1C1B9A12A9AD1A0055EC91 /* SimpleGeo+Context.h */ = {isa = PBXFileReference; fileEncoding = 4; lastKnownFileType = sourcecode.c.h; name = "SimpleGeo+Context.h"; path = "src/SimpleGeo+Context.h"; sourceTree = "<group>"; };
		5D1C1B9B12A9AD1A0055EC91 /* SimpleGeo+Context.m */ = {isa = PBXFileReference; fileEncoding = 4; lastKnownFileType = sourcecode.c.objc; name = "SimpleGeo+Context.m"; path = "src/SimpleGeo+Context.m"; sourceTree = "<group>"; };
		5D3990DD12A4642B00EB7B20 /* SGFeatureCollection.h */ = {isa = PBXFileReference; fileEncoding = 4; lastKnownFileType = sourcecode.c.h; name = SGFeatureCollection.h; path = src/SGFeatureCollection.h; sourceTree = "<group>"; };
		5D3990DE12A4642B00EB7B20 /* SGFeatureCollection.m */ = {isa = PBXFileReference; fileEncoding = 4; lastKnownFileType = sourcecode.c.objc; name = SGFeatureCollection.m; path = src/SGFeatureCollection.m; sourceTree = "<group>"; };
		5D3991E412A489EF00EB7B20 /* SimpleGeo+Places.h */ = {isa = PBXFileReference; fileEncoding = 4; lastKnownFileType = sourcecode.c.h; name = "SimpleGeo+Places.h"; path = "src/SimpleGeo+Places.h"; sourceTree = "<group>"; };
		5D3991E512A489EF00EB7B20 /* SimpleGeo+Places.m */ = {isa = PBXFileReference; fileEncoding = 4; lastKnownFileType = sourcecode.c.objc; name = "SimpleGeo+Places.m"; path = "src/SimpleGeo+Places.m"; sourceTree = "<group>"; };
		5D39921A12A48F3F00EB7B20 /* SimpleGeo+Internal.h */ = {isa = PBXFileReference; fileEncoding = 4; lastKnownFileType = sourcecode.c.h; name = "SimpleGeo+Internal.h"; path = "src/SimpleGeo+Internal.h"; sourceTree = "<group>"; };
		5D39921B12A48F3F00EB7B20 /* SimpleGeo+Internal.m */ = {isa = PBXFileReference; fileEncoding = 4; lastKnownFileType = sourcecode.c.objc; name = "SimpleGeo+Internal.m"; path = "src/SimpleGeo+Internal.m"; sourceTree = "<group>"; };
		5D39924E12A571C000EB7B20 /* RunTests.sh */ = {isa = PBXFileReference; fileEncoding = 4; lastKnownFileType = text.script.sh; name = RunTests.sh; path = scripts/RunTests.sh; sourceTree = "<group>"; };
		5D39940D12A893D500EB7B20 /* SimpleGeoTest+Places.m */ = {isa = PBXFileReference; fileEncoding = 4; lastKnownFileType = sourcecode.c.objc; name = "SimpleGeoTest+Places.m"; path = "test/SimpleGeoTest+Places.m"; sourceTree = "<group>"; };
		5D39941112A8947600EB7B20 /* SimpleGeoTest.h */ = {isa = PBXFileReference; fileEncoding = 4; lastKnownFileType = sourcecode.c.h; name = SimpleGeoTest.h; path = test/SimpleGeoTest.h; sourceTree = "<group>"; };
		5D39948712A8A2B600EB7B20 /* SimpleGeoTest+Context.m */ = {isa = PBXFileReference; fileEncoding = 4; lastKnownFileType = sourcecode.c.objc; name = "SimpleGeoTest+Context.m"; path = "test/SimpleGeoTest+Context.m"; sourceTree = "<group>"; };
		5D3994E512A8A8A700EB7B20 /* SGGeometry.h */ = {isa = PBXFileReference; fileEncoding = 4; lastKnownFileType = sourcecode.c.h; name = SGGeometry.h; path = src/SGGeometry.h; sourceTree = "<group>"; };
		5D3994E612A8A8A700EB7B20 /* SGGeometry.m */ = {isa = PBXFileReference; fileEncoding = 4; lastKnownFileType = sourcecode.c.objc; name = SGGeometry.m; path = src/SGGeometry.m; sourceTree = "<group>"; };
		5D3994EC12A8AB4300EB7B20 /* SGPolygon.h */ = {isa = PBXFileReference; fileEncoding = 4; lastKnownFileType = sourcecode.c.h; name = SGPolygon.h; path = src/SGPolygon.h; sourceTree = "<group>"; };
		5D3994ED12A8AB4300EB7B20 /* SGPolygon.m */ = {isa = PBXFileReference; fileEncoding = 4; lastKnownFileType = sourcecode.c.objc; name = SGPolygon.m; path = src/SGPolygon.m; sourceTree = "<group>"; };
		5D5B02C61291A37700399A50 /* YAJL.framework */ = {isa = PBXFileReference; lastKnownFileType = wrapper.framework; name = YAJL.framework; path = Library/Frameworks/YAJL.framework; sourceTree = SDKROOT; };
		5D5B036D1291BD4500399A50 /* SGFeature.h */ = {isa = PBXFileReference; fileEncoding = 4; lastKnownFileType = sourcecode.c.h; name = SGFeature.h; path = src/SGFeature.h; sourceTree = "<group>"; };
		5D5B036E1291BD4500399A50 /* SGFeature.m */ = {isa = PBXFileReference; fileEncoding = 4; lastKnownFileType = sourcecode.c.objc; name = SGFeature.m; path = src/SGFeature.m; sourceTree = "<group>"; };
		5D5B05CE12934A9D00399A50 /* NSArray+SGFeature.h */ = {isa = PBXFileReference; fileEncoding = 4; lastKnownFileType = sourcecode.c.h; name = "NSArray+SGFeature.h"; path = "src/NSArray+SGFeature.h"; sourceTree = "<group>"; };
		5D5B05CF12934A9D00399A50 /* NSArray+SGFeature.m */ = {isa = PBXFileReference; fileEncoding = 4; lastKnownFileType = sourcecode.c.objc; name = "NSArray+SGFeature.m"; path = "src/NSArray+SGFeature.m"; sourceTree = "<group>"; };
		5D7674B612909AAB006B7D51 /* SystemConfiguration.framework */ = {isa = PBXFileReference; lastKnownFileType = wrapper.framework; name = SystemConfiguration.framework; path = System/Library/Frameworks/SystemConfiguration.framework; sourceTree = SDKROOT; };
		5D7674BA12909ABA006B7D51 /* libz.dylib */ = {isa = PBXFileReference; lastKnownFileType = "compiled.mach-o.dylib"; name = libz.dylib; path = usr/lib/libz.dylib; sourceTree = SDKROOT; };
		5D7674BC12909ACB006B7D51 /* CoreServices.framework */ = {isa = PBXFileReference; lastKnownFileType = wrapper.framework; name = CoreServices.framework; path = System/Library/Frameworks/CoreServices.framework; sourceTree = SDKROOT; };
		5D7676131290EAE1006B7D51 /* SimpleGeo.m */ = {isa = PBXFileReference; fileEncoding = 4; lastKnownFileType = sourcecode.c.objc; name = SimpleGeo.m; path = src/SimpleGeo.m; sourceTree = "<group>"; };
		5D7676141290EAE1006B7D51 /* SimpleGeo.h */ = {isa = PBXFileReference; fileEncoding = 4; lastKnownFileType = sourcecode.c.h; name = SimpleGeo.h; path = src/SimpleGeo.h; sourceTree = "<group>"; };
		5D7676181290EB2A006B7D51 /* SimpleGeoTest.m */ = {isa = PBXFileReference; fileEncoding = 4; lastKnownFileType = sourcecode.c.objc; name = SimpleGeoTest.m; path = test/SimpleGeoTest.m; sourceTree = "<group>"; };
		5D7676191290EB2A006B7D51 /* SGFeatureTest.m */ = {isa = PBXFileReference; fileEncoding = 4; lastKnownFileType = sourcecode.c.objc; name = SGFeatureTest.m; path = test/SGFeatureTest.m; sourceTree = "<group>"; };
		5D76761A1290EB2A006B7D51 /* SGPointTest.m */ = {isa = PBXFileReference; fileEncoding = 4; lastKnownFileType = sourcecode.c.objc; name = SGPointTest.m; path = test/SGPointTest.m; sourceTree = "<group>"; };
		5D76761B1290EB2A006B7D51 /* GHUnitTestMain.m */ = {isa = PBXFileReference; fileEncoding = 4; lastKnownFileType = sourcecode.c.objc; name = GHUnitTestMain.m; path = test/GHUnitTestMain.m; sourceTree = "<group>"; };
		5D7676261290EE9F006B7D51 /* ASINetworkQueue.m */ = {isa = PBXFileReference; fileEncoding = 4; lastKnownFileType = sourcecode.c.objc; name = ASINetworkQueue.m; path = "ext/asi-http-request/ASINetworkQueue.m"; sourceTree = "<group>"; };
		5D7676271290EE9F006B7D51 /* ASINetworkQueue.h */ = {isa = PBXFileReference; fileEncoding = 4; lastKnownFileType = sourcecode.c.h; name = ASINetworkQueue.h; path = "ext/asi-http-request/ASINetworkQueue.h"; sourceTree = "<group>"; };
		5D7676281290EE9F006B7D51 /* ASIInputStream.m */ = {isa = PBXFileReference; fileEncoding = 4; lastKnownFileType = sourcecode.c.objc; name = ASIInputStream.m; path = "ext/asi-http-request/ASIInputStream.m"; sourceTree = "<group>"; };
		5D7676291290EE9F006B7D51 /* ASIHTTPRequestDelegate.h */ = {isa = PBXFileReference; fileEncoding = 4; lastKnownFileType = sourcecode.c.h; name = ASIHTTPRequestDelegate.h; path = "ext/asi-http-request/ASIHTTPRequestDelegate.h"; sourceTree = "<group>"; };
		5D76762A1290EE9F006B7D51 /* ASIHTTPRequest.m */ = {isa = PBXFileReference; fileEncoding = 4; lastKnownFileType = sourcecode.c.objc; name = ASIHTTPRequest.m; path = "ext/asi-http-request/ASIHTTPRequest.m"; sourceTree = "<group>"; };
		5D76762B1290EE9F006B7D51 /* ASIHTTPRequest.h */ = {isa = PBXFileReference; fileEncoding = 4; lastKnownFileType = sourcecode.c.h; name = ASIHTTPRequest.h; path = "ext/asi-http-request/ASIHTTPRequest.h"; sourceTree = "<group>"; };
		5D76762C1290EE9F006B7D51 /* ASIDownloadCache.m */ = {isa = PBXFileReference; fileEncoding = 4; lastKnownFileType = sourcecode.c.objc; name = ASIDownloadCache.m; path = "ext/asi-http-request/ASIDownloadCache.m"; sourceTree = "<group>"; };
		5D76762D1290EE9F006B7D51 /* ASIDataDecompressor.m */ = {isa = PBXFileReference; fileEncoding = 4; lastKnownFileType = sourcecode.c.objc; name = ASIDataDecompressor.m; path = "ext/asi-http-request/ASIDataDecompressor.m"; sourceTree = "<group>"; };
		5D76762E1290EE9F006B7D51 /* ASIDataDecompressor.h */ = {isa = PBXFileReference; fileEncoding = 4; lastKnownFileType = sourcecode.c.h; name = ASIDataDecompressor.h; path = "ext/asi-http-request/ASIDataDecompressor.h"; sourceTree = "<group>"; };
		5D76762F1290EE9F006B7D51 /* ASIDataCompressor.m */ = {isa = PBXFileReference; fileEncoding = 4; lastKnownFileType = sourcecode.c.objc; name = ASIDataCompressor.m; path = "ext/asi-http-request/ASIDataCompressor.m"; sourceTree = "<group>"; };
		5D7676301290EE9F006B7D51 /* ASIDataCompressor.h */ = {isa = PBXFileReference; fileEncoding = 4; lastKnownFileType = sourcecode.c.h; name = ASIDataCompressor.h; path = "ext/asi-http-request/ASIDataCompressor.h"; sourceTree = "<group>"; };
		5D7676311290EE9F006B7D51 /* ASICacheDelegate.h */ = {isa = PBXFileReference; fileEncoding = 4; lastKnownFileType = sourcecode.c.h; name = ASICacheDelegate.h; path = "ext/asi-http-request/ASICacheDelegate.h"; sourceTree = "<group>"; };
		5D7676321290EE9F006B7D51 /* ASIProgressDelegate.h */ = {isa = PBXFileReference; fileEncoding = 4; lastKnownFileType = sourcecode.c.h; name = ASIProgressDelegate.h; path = "ext/asi-http-request/ASIProgressDelegate.h"; sourceTree = "<group>"; };
		5D7676331290EE9F006B7D51 /* ASIInputStream.h */ = {isa = PBXFileReference; fileEncoding = 4; lastKnownFileType = sourcecode.c.h; name = ASIInputStream.h; path = "ext/asi-http-request/ASIInputStream.h"; sourceTree = "<group>"; };
		5D7676341290EE9F006B7D51 /* ASIHTTPRequestConfig.h */ = {isa = PBXFileReference; fileEncoding = 4; lastKnownFileType = sourcecode.c.h; name = ASIHTTPRequestConfig.h; path = "ext/asi-http-request/ASIHTTPRequestConfig.h"; sourceTree = "<group>"; };
		5D7676351290EE9F006B7D51 /* ASIFormDataRequest.m */ = {isa = PBXFileReference; fileEncoding = 4; lastKnownFileType = sourcecode.c.objc; name = ASIFormDataRequest.m; path = "ext/asi-http-request/ASIFormDataRequest.m"; sourceTree = "<group>"; };
		5D7676361290EE9F006B7D51 /* ASIFormDataRequest.h */ = {isa = PBXFileReference; fileEncoding = 4; lastKnownFileType = sourcecode.c.h; name = ASIFormDataRequest.h; path = "ext/asi-http-request/ASIFormDataRequest.h"; sourceTree = "<group>"; };
		5D7676371290EE9F006B7D51 /* ASIDownloadCache.h */ = {isa = PBXFileReference; fileEncoding = 4; lastKnownFileType = sourcecode.c.h; name = ASIDownloadCache.h; path = "ext/asi-http-request/ASIDownloadCache.h"; sourceTree = "<group>"; };
		5D8C148D129C7FFB002F8C01 /* ASIHTTPRequest+OAuth.h */ = {isa = PBXFileReference; fileEncoding = 4; lastKnownFileType = sourcecode.c.h; name = "ASIHTTPRequest+OAuth.h"; path = "src/ASIHTTPRequest+OAuth.h"; sourceTree = "<group>"; };
		5D8C148E129C7FFB002F8C01 /* ASIHTTPRequest+OAuth.m */ = {isa = PBXFileReference; fileEncoding = 4; lastKnownFileType = sourcecode.c.objc; name = "ASIHTTPRequest+OAuth.m"; path = "src/ASIHTTPRequest+OAuth.m"; sourceTree = "<group>"; };
		5D8C1566129DE193002F8C01 /* Base64Transcoder.c */ = {isa = PBXFileReference; fileEncoding = 4; lastKnownFileType = sourcecode.c.c; name = Base64Transcoder.c; path = ext/TouchFoundation/Base64Transcoder.c; sourceTree = "<group>"; };
		5D8C1567129DE193002F8C01 /* Base64Transcoder.h */ = {isa = PBXFileReference; fileEncoding = 4; lastKnownFileType = sourcecode.c.h; name = Base64Transcoder.h; path = ext/TouchFoundation/Base64Transcoder.h; sourceTree = "<group>"; };
		5D8C15DA129DE7C4002F8C01 /* Cocoa.framework */ = {isa = PBXFileReference; lastKnownFileType = wrapper.framework; name = Cocoa.framework; path = System/Library/Frameworks/Cocoa.framework; sourceTree = SDKROOT; };
		5D8C15E6129DE86E002F8C01 /* AppKit.framework */ = {isa = PBXFileReference; lastKnownFileType = wrapper.framework; name = AppKit.framework; path = System/Library/Frameworks/AppKit.framework; sourceTree = SDKROOT; };
		5D8C1612129DED38002F8C01 /* NSString+URLEncoding.h */ = {isa = PBXFileReference; fileEncoding = 4; lastKnownFileType = sourcecode.c.h; name = "NSString+URLEncoding.h"; path = "src/NSString+URLEncoding.h"; sourceTree = "<group>"; };
		5D8C1613129DED38002F8C01 /* NSString+URLEncoding.m */ = {isa = PBXFileReference; fileEncoding = 4; lastKnownFileType = sourcecode.c.objc; name = "NSString+URLEncoding.m"; path = "src/NSString+URLEncoding.m"; sourceTree = "<group>"; };
		5DA3C343128E427C00E128DC /* SGPoint.h */ = {isa = PBXFileReference; fileEncoding = 4; lastKnownFileType = sourcecode.c.h; name = SGPoint.h; path = src/SGPoint.h; sourceTree = "<group>"; };
		5DA3C344128E427C00E128DC /* SGPoint.m */ = {isa = PBXFileReference; fileEncoding = 4; lastKnownFileType = sourcecode.c.objc; name = SGPoint.m; path = src/SGPoint.m; sourceTree = "<group>"; };
		5DA3C353128E448800E128DC /* Tests.app */ = {isa = PBXFileReference; explicitFileType = wrapper.application; includeInIndex = 0; path = Tests.app; sourceTree = BUILT_PRODUCTS_DIR; };
		5DA3C355128E448800E128DC /* Tests-Info.plist */ = {isa = PBXFileReference; lastKnownFileType = text.plist.xml; path = "Tests-Info.plist"; sourceTree = "<group>"; };
		5DA3C359128E449B00E128DC /* GHUnit.framework */ = {isa = PBXFileReference; lastKnownFileType = wrapper.framework; name = GHUnit.framework; path = Library/Frameworks/GHUnit.framework; sourceTree = SDKROOT; };
		5DF0864912ADC878007A8A60 /* SGFeature+Private.h */ = {isa = PBXFileReference; fileEncoding = 4; lastKnownFileType = sourcecode.c.h; name = "SGFeature+Private.h"; path = "src/SGFeature+Private.h"; sourceTree = "<group>"; };
		5DF0865A12ADC94E007A8A60 /* SGFeatureCollection+Private.h */ = {isa = PBXFileReference; fileEncoding = 4; lastKnownFileType = sourcecode.c.h; name = "SGFeatureCollection+Private.h"; path = "src/SGFeatureCollection+Private.h"; sourceTree = "<group>"; };
		5DF0866C12ADCA9B007A8A60 /* SGGeometry+Private.h */ = {isa = PBXFileReference; fileEncoding = 4; lastKnownFileType = sourcecode.c.h; name = "SGGeometry+Private.h"; path = "src/SGGeometry+Private.h"; sourceTree = "<group>"; };
		5DF0867A12ADCB21007A8A60 /* SGPolygon+Private.h */ = {isa = PBXFileReference; fileEncoding = 4; lastKnownFileType = sourcecode.c.h; name = "SGPolygon+Private.h"; path = "src/SGPolygon+Private.h"; sourceTree = "<group>"; };
		5DF0868812ADCBC5007A8A60 /* SGPoint+Private.h */ = {isa = PBXFileReference; fileEncoding = 4; lastKnownFileType = sourcecode.c.h; name = "SGPoint+Private.h"; path = "src/SGPoint+Private.h"; sourceTree = "<group>"; };
		8DC2EF5A0486A6940098B216 /* Info.plist */ = {isa = PBXFileReference; fileEncoding = 4; lastKnownFileType = text.plist.xml; path = Info.plist; sourceTree = "<group>"; };
		8DC2EF5B0486A6940098B216 /* SimpleGeo.framework */ = {isa = PBXFileReference; explicitFileType = wrapper.framework; includeInIndex = 0; path = SimpleGeo.framework; sourceTree = BUILT_PRODUCTS_DIR; };
		D2F7E79907B2D74100F64583 /* CoreData.framework */ = {isa = PBXFileReference; lastKnownFileType = wrapper.framework; name = CoreData.framework; path = /System/Library/Frameworks/CoreData.framework; sourceTree = "<absolute>"; };
/* End PBXFileReference section */

/* Begin PBXFrameworksBuildPhase section */
		5DA3C351128E448800E128DC /* Frameworks */ = {
			isa = PBXFrameworksBuildPhase;
			buildActionMask = 2147483647;
			files = (
				5DA3C35A128E449B00E128DC /* GHUnit.framework in Frameworks */,
				5D7674B712909AAB006B7D51 /* SystemConfiguration.framework in Frameworks */,
				5D7674BB12909ABA006B7D51 /* libz.dylib in Frameworks */,
				5D7674BD12909ACB006B7D51 /* CoreServices.framework in Frameworks */,
				5D5B02C71291A37700399A50 /* YAJL.framework in Frameworks */,
				5D8C15E7129DE86E002F8C01 /* AppKit.framework in Frameworks */,
			);
			runOnlyForDeploymentPostprocessing = 0;
		};
		8DC2EF560486A6940098B216 /* Frameworks */ = {
			isa = PBXFrameworksBuildPhase;
			buildActionMask = 2147483647;
			files = (
				8DC2EF570486A6940098B216 /* Cocoa.framework in Frameworks */,
				5D7674D112909E49006B7D51 /* CoreServices.framework in Frameworks */,
				5D7674D212909E51006B7D51 /* SystemConfiguration.framework in Frameworks */,
				5D7674D312909E58006B7D51 /* libz.dylib in Frameworks */,
			);
			runOnlyForDeploymentPostprocessing = 0;
		};
/* End PBXFrameworksBuildPhase section */

/* Begin PBXGroup section */
		034768DFFF38A50411DB9C8B /* Products */ = {
			isa = PBXGroup;
			children = (
				8DC2EF5B0486A6940098B216 /* SimpleGeo.framework */,
				5DA3C353128E448800E128DC /* Tests.app */,
			);
			name = Products;
			sourceTree = "<group>";
		};
		0867D691FE84028FC02AAC07 /* SimpleGeo */ = {
			isa = PBXGroup;
			children = (
				5DA3C348128E42C600E128DC /* Tests */,
				5DF0867212ADCAF5007A8A60 /* Classes */,
				32C88DFF0371C24200C91783 /* Other Sources */,
				089C1665FE841158C02AAC07 /* Resources */,
				0867D69AFE84028FC02AAC07 /* External Frameworks and Libraries */,
				034768DFFF38A50411DB9C8B /* Products */,
				5DA3C355128E448800E128DC /* Tests-Info.plist */,
				5DA3C359128E449B00E128DC /* GHUnit.framework */,
				5D7674B612909AAB006B7D51 /* SystemConfiguration.framework */,
				5D7674BA12909ABA006B7D51 /* libz.dylib */,
				5D7674BC12909ACB006B7D51 /* CoreServices.framework */,
				5D5B02C61291A37700399A50 /* YAJL.framework */,
				5D8C15DA129DE7C4002F8C01 /* Cocoa.framework */,
				5D8C15E6129DE86E002F8C01 /* AppKit.framework */,
			);
			name = SimpleGeo;
			sourceTree = "<group>";
		};
		0867D69AFE84028FC02AAC07 /* External Frameworks and Libraries */ = {
			isa = PBXGroup;
			children = (
				5D76748812909A15006B7D51 /* Imported Libraries */,
				1058C7B0FEA5585E11CA2CBB /* Linked Frameworks */,
				1058C7B2FEA5585E11CA2CBB /* Other Frameworks */,
			);
			name = "External Frameworks and Libraries";
			sourceTree = "<group>";
		};
		089C1665FE841158C02AAC07 /* Resources */ = {
			isa = PBXGroup;
			children = (
				5D39924E12A571C000EB7B20 /* RunTests.sh */,
				8DC2EF5A0486A6940098B216 /* Info.plist */,
				089C1666FE841158C02AAC07 /* InfoPlist.strings */,
			);
			name = Resources;
			sourceTree = "<group>";
		};
		1058C7B0FEA5585E11CA2CBB /* Linked Frameworks */ = {
			isa = PBXGroup;
			children = (
				1058C7B1FEA5585E11CA2CBB /* Cocoa.framework */,
			);
			name = "Linked Frameworks";
			sourceTree = "<group>";
		};
		1058C7B2FEA5585E11CA2CBB /* Other Frameworks */ = {
			isa = PBXGroup;
			children = (
				0867D6A5FE840307C02AAC07 /* AppKit.framework */,
				D2F7E79907B2D74100F64583 /* CoreData.framework */,
				0867D69BFE84028FC02AAC07 /* Foundation.framework */,
			);
			name = "Other Frameworks";
			sourceTree = "<group>";
		};
		32C88DFF0371C24200C91783 /* Other Sources */ = {
			isa = PBXGroup;
			children = (
				32DBCF5E0370ADEE00C91783 /* SimpleGeo_Prefix.pch */,
			);
			name = "Other Sources";
			sourceTree = "<group>";
		};
		5D76748812909A15006B7D51 /* Imported Libraries */ = {
			isa = PBXGroup;
			children = (
				5D7674AC12909A5C006B7D51 /* ASIHTTPRequest */,
				5D8C1562129DE17B002F8C01 /* TouchFoundation */,
			);
			name = "Imported Libraries";
			sourceTree = "<group>";
		};
		5D7674AC12909A5C006B7D51 /* ASIHTTPRequest */ = {
			isa = PBXGroup;
			children = (
				5D7676261290EE9F006B7D51 /* ASINetworkQueue.m */,
				5D7676271290EE9F006B7D51 /* ASINetworkQueue.h */,
				5D7676281290EE9F006B7D51 /* ASIInputStream.m */,
				5D7676291290EE9F006B7D51 /* ASIHTTPRequestDelegate.h */,
				5D76762A1290EE9F006B7D51 /* ASIHTTPRequest.m */,
				5D76762B1290EE9F006B7D51 /* ASIHTTPRequest.h */,
				5D76762C1290EE9F006B7D51 /* ASIDownloadCache.m */,
				5D76762D1290EE9F006B7D51 /* ASIDataDecompressor.m */,
				5D76762E1290EE9F006B7D51 /* ASIDataDecompressor.h */,
				5D76762F1290EE9F006B7D51 /* ASIDataCompressor.m */,
				5D7676301290EE9F006B7D51 /* ASIDataCompressor.h */,
				5D7676311290EE9F006B7D51 /* ASICacheDelegate.h */,
				5D7676321290EE9F006B7D51 /* ASIProgressDelegate.h */,
				5D7676331290EE9F006B7D51 /* ASIInputStream.h */,
				5D7676341290EE9F006B7D51 /* ASIHTTPRequestConfig.h */,
				5D7676351290EE9F006B7D51 /* ASIFormDataRequest.m */,
				5D7676361290EE9F006B7D51 /* ASIFormDataRequest.h */,
				5D7676371290EE9F006B7D51 /* ASIDownloadCache.h */,
			);
			name = ASIHTTPRequest;
			sourceTree = "<group>";
		};
		5D8C1562129DE17B002F8C01 /* TouchFoundation */ = {
			isa = PBXGroup;
			children = (
				5D8C1567129DE193002F8C01 /* Base64Transcoder.h */,
				5D8C1566129DE193002F8C01 /* Base64Transcoder.c */,
			);
			name = TouchFoundation;
			sourceTree = "<group>";
		};
		5DA3C348128E42C600E128DC /* Tests */ = {
			isa = PBXGroup;
			children = (
				5D39941112A8947600EB7B20 /* SimpleGeoTest.h */,
				5D7676181290EB2A006B7D51 /* SimpleGeoTest.m */,
				5D39948712A8A2B600EB7B20 /* SimpleGeoTest+Context.m */,
				5D39940D12A893D500EB7B20 /* SimpleGeoTest+Places.m */,
				5D7676191290EB2A006B7D51 /* SGFeatureTest.m */,
				5D1C1B4712A9A5170055EC91 /* SGGeometryTest.m */,
				5D76761A1290EB2A006B7D51 /* SGPointTest.m */,
				5D76761B1290EB2A006B7D51 /* GHUnitTestMain.m */,
			);
			name = Tests;
			sourceTree = "<group>";
		};
		5DE3488C12A9B477004E320D /* Optional */ = {
			isa = PBXGroup;
			children = (
				5D1C1B9A12A9AD1A0055EC91 /* SimpleGeo+Context.h */,
				5D1C1B9B12A9AD1A0055EC91 /* SimpleGeo+Context.m */,
				5D3991E412A489EF00EB7B20 /* SimpleGeo+Places.h */,
				5D3991E512A489EF00EB7B20 /* SimpleGeo+Places.m */,
			);
			name = Optional;
			sourceTree = "<group>";
		};
		5DF0867212ADCAF5007A8A60 /* Classes */ = {
			isa = PBXGroup;
			children = (
				5DE3488C12A9B477004E320D /* Optional */,
				5D7676141290EAE1006B7D51 /* SimpleGeo.h */,
				5D7676131290EAE1006B7D51 /* SimpleGeo.m */,
				5D39921A12A48F3F00EB7B20 /* SimpleGeo+Internal.h */,
				5D39921B12A48F3F00EB7B20 /* SimpleGeo+Internal.m */,
				5D5B036D1291BD4500399A50 /* SGFeature.h */,
				5DF0864912ADC878007A8A60 /* SGFeature+Private.h */,
				5D5B036E1291BD4500399A50 /* SGFeature.m */,
				5D3990DD12A4642B00EB7B20 /* SGFeatureCollection.h */,
				5DF0865A12ADC94E007A8A60 /* SGFeatureCollection+Private.h */,
				5D3990DE12A4642B00EB7B20 /* SGFeatureCollection.m */,
				5D3994E512A8A8A700EB7B20 /* SGGeometry.h */,
				5DF0866C12ADCA9B007A8A60 /* SGGeometry+Private.h */,
				5D3994E612A8A8A700EB7B20 /* SGGeometry.m */,
				5D3994EC12A8AB4300EB7B20 /* SGPolygon.h */,
				5DF0867A12ADCB21007A8A60 /* SGPolygon+Private.h */,
				5D3994ED12A8AB4300EB7B20 /* SGPolygon.m */,
				5DA3C343128E427C00E128DC /* SGPoint.h */,
				5DF0868812ADCBC5007A8A60 /* SGPoint+Private.h */,
				5DA3C344128E427C00E128DC /* SGPoint.m */,
				5D5B05CE12934A9D00399A50 /* NSArray+SGFeature.h */,
				5D5B05CF12934A9D00399A50 /* NSArray+SGFeature.m */,
				5D8C148D129C7FFB002F8C01 /* ASIHTTPRequest+OAuth.h */,
				5D8C148E129C7FFB002F8C01 /* ASIHTTPRequest+OAuth.m */,
				5D8C1612129DED38002F8C01 /* NSString+URLEncoding.h */,
				5D8C1613129DED38002F8C01 /* NSString+URLEncoding.m */,
			);
			name = Classes;
			sourceTree = "<group>";
		};
/* End PBXGroup section */

/* Begin PBXHeadersBuildPhase section */
		8DC2EF500486A6940098B216 /* Headers */ = {
			isa = PBXHeadersBuildPhase;
			buildActionMask = 2147483647;
			files = (
				5DA3C345128E427C00E128DC /* SGPoint.h in Headers */,
				5D7676171290EAE1006B7D51 /* SimpleGeo.h in Headers */,
				5D7676401290EE9F006B7D51 /* ASINetworkQueue.h in Headers */,
				5D7676421290EE9F006B7D51 /* ASIHTTPRequestDelegate.h in Headers */,
				5D7676441290EE9F006B7D51 /* ASIHTTPRequest.h in Headers */,
				5D7676471290EE9F006B7D51 /* ASIDataDecompressor.h in Headers */,
				5D7676491290EE9F006B7D51 /* ASIDataCompressor.h in Headers */,
				5D76764A1290EE9F006B7D51 /* ASICacheDelegate.h in Headers */,
				5D76764B1290EE9F006B7D51 /* ASIProgressDelegate.h in Headers */,
				5D76764C1290EE9F006B7D51 /* ASIInputStream.h in Headers */,
				5D76764D1290EE9F006B7D51 /* ASIHTTPRequestConfig.h in Headers */,
				5D76764F1290EE9F006B7D51 /* ASIFormDataRequest.h in Headers */,
				5D7676501290EE9F006B7D51 /* ASIDownloadCache.h in Headers */,
				5D5B03701291BD4500399A50 /* SGFeature.h in Headers */,
				5D5B05D012934A9D00399A50 /* NSArray+SGFeature.h in Headers */,
				5D8C148F129C7FFB002F8C01 /* ASIHTTPRequest+OAuth.h in Headers */,
				5D8C1569129DE193002F8C01 /* Base64Transcoder.h in Headers */,
				5D8C1615129DED38002F8C01 /* NSString+URLEncoding.h in Headers */,
				5D3990E012A4642B00EB7B20 /* SGFeatureCollection.h in Headers */,
				5D3991E712A489EF00EB7B20 /* SimpleGeo+Places.h in Headers */,
				5D39921D12A48F3F00EB7B20 /* SimpleGeo+Internal.h in Headers */,
				5D3994E812A8A8A700EB7B20 /* SGGeometry.h in Headers */,
				5D3994EF12A8AB4300EB7B20 /* SGPolygon.h in Headers */,
				5D1C1B9C12A9AD1A0055EC91 /* SimpleGeo+Context.h in Headers */,
				5DF0864A12ADC878007A8A60 /* SGFeature+Private.h in Headers */,
				5DF0865B12ADC94E007A8A60 /* SGFeatureCollection+Private.h in Headers */,
				5DF0866D12ADCA9B007A8A60 /* SGGeometry+Private.h in Headers */,
				5DF0867B12ADCB21007A8A60 /* SGPolygon+Private.h in Headers */,
				5DF0868912ADCBC5007A8A60 /* SGPoint+Private.h in Headers */,
			);
			runOnlyForDeploymentPostprocessing = 0;
		};
/* End PBXHeadersBuildPhase section */

/* Begin PBXNativeTarget section */
		5DA3C352128E448800E128DC /* Tests */ = {
			isa = PBXNativeTarget;
			buildConfigurationList = 5DA3C358128E448800E128DC /* Build configuration list for PBXNativeTarget "Tests" */;
			buildPhases = (
				5DA3C34F128E448800E128DC /* Resources */,
				5DA3C350128E448800E128DC /* Sources */,
				5DA3C351128E448800E128DC /* Frameworks */,
				5D39925012A571C700EB7B20 /* ShellScript */,
			);
			buildRules = (
			);
			dependencies = (
				5DA3C360128E44B700E128DC /* PBXTargetDependency */,
			);
			name = Tests;
			productName = Tests;
			productReference = 5DA3C353128E448800E128DC /* Tests.app */;
			productType = "com.apple.product-type.application";
		};
		8DC2EF4F0486A6940098B216 /* SimpleGeo */ = {
			isa = PBXNativeTarget;
			buildConfigurationList = 1DEB91AD08733DA50010E9CD /* Build configuration list for PBXNativeTarget "SimpleGeo" */;
			buildPhases = (
				8DC2EF500486A6940098B216 /* Headers */,
				8DC2EF520486A6940098B216 /* Resources */,
				8DC2EF540486A6940098B216 /* Sources */,
				8DC2EF560486A6940098B216 /* Frameworks */,
			);
			buildRules = (
			);
			dependencies = (
			);
			name = SimpleGeo;
			productInstallPath = "$(HOME)/Library/Frameworks";
			productName = SimpleGeo;
			productReference = 8DC2EF5B0486A6940098B216 /* SimpleGeo.framework */;
			productType = "com.apple.product-type.framework";
		};
/* End PBXNativeTarget section */

/* Begin PBXProject section */
		0867D690FE84028FC02AAC07 /* Project object */ = {
			isa = PBXProject;
			buildConfigurationList = 1DEB91B108733DA50010E9CD /* Build configuration list for PBXProject "SimpleGeo" */;
			compatibilityVersion = "Xcode 3.1";
			developmentRegion = English;
			hasScannedForEncodings = 1;
			knownRegions = (
				English,
				Japanese,
				French,
				German,
			);
			mainGroup = 0867D691FE84028FC02AAC07 /* SimpleGeo */;
			productRefGroup = 034768DFFF38A50411DB9C8B /* Products */;
			projectDirPath = "";
			projectRoot = "";
			targets = (
				8DC2EF4F0486A6940098B216 /* SimpleGeo */,
				5DA3C352128E448800E128DC /* Tests */,
			);
		};
/* End PBXProject section */

/* Begin PBXResourcesBuildPhase section */
		5DA3C34F128E448800E128DC /* Resources */ = {
			isa = PBXResourcesBuildPhase;
			buildActionMask = 2147483647;
			files = (
			);
			runOnlyForDeploymentPostprocessing = 0;
		};
		8DC2EF520486A6940098B216 /* Resources */ = {
			isa = PBXResourcesBuildPhase;
			buildActionMask = 2147483647;
			files = (
				8DC2EF530486A6940098B216 /* InfoPlist.strings in Resources */,
			);
			runOnlyForDeploymentPostprocessing = 0;
		};
/* End PBXResourcesBuildPhase section */

/* Begin PBXShellScriptBuildPhase section */
		5D39925012A571C700EB7B20 /* ShellScript */ = {
			isa = PBXShellScriptBuildPhase;
			buildActionMask = 2147483647;
			files = (
			);
			inputPaths = (
			);
			outputPaths = (
			);
			runOnlyForDeploymentPostprocessing = 0;
			shellPath = /bin/sh;
			shellScript = "sh scripts/RunTests.sh";
			showEnvVarsInLog = 0;
		};
/* End PBXShellScriptBuildPhase section */

/* Begin PBXSourcesBuildPhase section */
		5DA3C350128E448800E128DC /* Sources */ = {
			isa = PBXSourcesBuildPhase;
			buildActionMask = 2147483647;
			files = (
				5D76741E12908B53006B7D51 /* SGPoint.m in Sources */,
				5D7676151290EAE1006B7D51 /* SimpleGeo.m in Sources */,
				5D76761C1290EB2A006B7D51 /* SimpleGeoTest.m in Sources */,
				5D76761D1290EB2A006B7D51 /* SGFeatureTest.m in Sources */,
				5D76761E1290EB2A006B7D51 /* SGPointTest.m in Sources */,
				5D76761F1290EB2A006B7D51 /* GHUnitTestMain.m in Sources */,
				5D7676381290EE9F006B7D51 /* ASINetworkQueue.m in Sources */,
				5D7676391290EE9F006B7D51 /* ASIInputStream.m in Sources */,
				5D76763A1290EE9F006B7D51 /* ASIHTTPRequest.m in Sources */,
				5D76763B1290EE9F006B7D51 /* ASIDownloadCache.m in Sources */,
				5D76763C1290EE9F006B7D51 /* ASIDataDecompressor.m in Sources */,
				5D76763D1290EE9F006B7D51 /* ASIDataCompressor.m in Sources */,
				5D76763E1290EE9F006B7D51 /* ASIFormDataRequest.m in Sources */,
				5D5B036F1291BD4500399A50 /* SGFeature.m in Sources */,
				5D5B05D212934A9D00399A50 /* NSArray+SGFeature.m in Sources */,
				5D8C15D6129DE763002F8C01 /* ASIHTTPRequest+OAuth.m in Sources */,
				5D8C15D3129DE755002F8C01 /* Base64Transcoder.c in Sources */,
				5D8C1614129DED38002F8C01 /* NSString+URLEncoding.m in Sources */,
				5D3990DF12A4642B00EB7B20 /* SGFeatureCollection.m in Sources */,
				5D3991E612A489EF00EB7B20 /* SimpleGeo+Places.m in Sources */,
				5D39921C12A48F3F00EB7B20 /* SimpleGeo+Internal.m in Sources */,
				5D39940E12A893D500EB7B20 /* SimpleGeoTest+Places.m in Sources */,
				5D39948812A8A2B600EB7B20 /* SimpleGeoTest+Context.m in Sources */,
				5D3994E712A8A8A700EB7B20 /* SGGeometry.m in Sources */,
				5D3994EE12A8AB4300EB7B20 /* SGPolygon.m in Sources */,
				5D1C1B4912A9A5170055EC91 /* SGGeometryTest.m in Sources */,
				5D1C1B9E12A9AD1A0055EC91 /* SimpleGeo+Context.m in Sources */,
			);
			runOnlyForDeploymentPostprocessing = 0;
		};
		8DC2EF540486A6940098B216 /* Sources */ = {
			isa = PBXSourcesBuildPhase;
			buildActionMask = 2147483647;
			files = (
				5DA3C346128E427C00E128DC /* SGPoint.m in Sources */,
				5D7676161290EAE1006B7D51 /* SimpleGeo.m in Sources */,
				5D76763F1290EE9F006B7D51 /* ASINetworkQueue.m in Sources */,
				5D7676411290EE9F006B7D51 /* ASIInputStream.m in Sources */,
				5D7676431290EE9F006B7D51 /* ASIHTTPRequest.m in Sources */,
				5D7676451290EE9F006B7D51 /* ASIDownloadCache.m in Sources */,
				5D7676461290EE9F006B7D51 /* ASIDataDecompressor.m in Sources */,
				5D7676481290EE9F006B7D51 /* ASIDataCompressor.m in Sources */,
				5D76764E1290EE9F006B7D51 /* ASIFormDataRequest.m in Sources */,
				5D5B03711291BD4500399A50 /* SGFeature.m in Sources */,
				5D5B05D112934A9D00399A50 /* NSArray+SGFeature.m in Sources */,
				5D8C158B129DE515002F8C01 /* ASIHTTPRequest+OAuth.m in Sources */,
				5D8C1568129DE193002F8C01 /* Base64Transcoder.c in Sources */,
				5D8C1616129DED38002F8C01 /* NSString+URLEncoding.m in Sources */,
				5D3990E112A4642B00EB7B20 /* SGFeatureCollection.m in Sources */,
				5D3991E812A489EF00EB7B20 /* SimpleGeo+Places.m in Sources */,
				5D39921E12A48F3F00EB7B20 /* SimpleGeo+Internal.m in Sources */,
				5D3994E912A8A8A700EB7B20 /* SGGeometry.m in Sources */,
				5D3994F012A8AB4300EB7B20 /* SGPolygon.m in Sources */,
				5D1C1B9D12A9AD1A0055EC91 /* SimpleGeo+Context.m in Sources */,
			);
			runOnlyForDeploymentPostprocessing = 0;
		};
/* End PBXSourcesBuildPhase section */

/* Begin PBXTargetDependency section */
		5DA3C360128E44B700E128DC /* PBXTargetDependency */ = {
			isa = PBXTargetDependency;
			target = 8DC2EF4F0486A6940098B216 /* SimpleGeo */;
			targetProxy = 5DA3C35F128E44B700E128DC /* PBXContainerItemProxy */;
		};
/* End PBXTargetDependency section */

/* Begin PBXVariantGroup section */
		089C1666FE841158C02AAC07 /* InfoPlist.strings */ = {
			isa = PBXVariantGroup;
			children = (
				089C1667FE841158C02AAC07 /* English */,
			);
			name = InfoPlist.strings;
			sourceTree = "<group>";
		};
/* End PBXVariantGroup section */

/* Begin XCBuildConfiguration section */
		1DEB91AE08733DA50010E9CD /* Debug */ = {
			isa = XCBuildConfiguration;
			buildSettings = {
				ALWAYS_SEARCH_USER_PATHS = NO;
				COPY_PHASE_STRIP = NO;
				DYLIB_COMPATIBILITY_VERSION = 1;
				DYLIB_CURRENT_VERSION = 1;
				FRAMEWORK_VERSION = A;
				GCC_DYNAMIC_NO_PIC = NO;
				GCC_ENABLE_FIX_AND_CONTINUE = YES;
				GCC_MODEL_TUNING = G5;
				GCC_OPTIMIZATION_LEVEL = 0;
				GCC_PRECOMPILE_PREFIX_HEADER = YES;
				GCC_PREFIX_HEADER = SimpleGeo_Prefix.pch;
				INFOPLIST_FILE = Info.plist;
				INSTALL_PATH = "@executable_path/../Frameworks";
				PRODUCT_NAME = SimpleGeo;
				SYMROOT = "../SimpleGeo-build";
				WRAPPER_EXTENSION = framework;
			};
			name = Debug;
		};
		1DEB91AF08733DA50010E9CD /* Release */ = {
			isa = XCBuildConfiguration;
			buildSettings = {
				ALWAYS_SEARCH_USER_PATHS = NO;
				DEBUG_INFORMATION_FORMAT = "dwarf-with-dsym";
				DYLIB_COMPATIBILITY_VERSION = 1;
				DYLIB_CURRENT_VERSION = 1;
				FRAMEWORK_VERSION = A;
				GCC_MODEL_TUNING = G5;
				GCC_PRECOMPILE_PREFIX_HEADER = YES;
				GCC_PREFIX_HEADER = SimpleGeo_Prefix.pch;
				INFOPLIST_FILE = Info.plist;
				INSTALL_PATH = "@executable_path/../Frameworks";
				PRODUCT_NAME = SimpleGeo;
				SYMROOT = "../SimpleGeo-build";
				WRAPPER_EXTENSION = framework;
			};
			name = Release;
		};
		1DEB91B208733DA50010E9CD /* Debug */ = {
			isa = XCBuildConfiguration;
			buildSettings = {
				ARCHS = "$(ARCHS_STANDARD_32_64_BIT)";
				GCC_C_LANGUAGE_STANDARD = gnu99;
				GCC_OPTIMIZATION_LEVEL = 0;
				GCC_WARN_ABOUT_RETURN_TYPE = YES;
				GCC_WARN_UNUSED_VARIABLE = YES;
				ONLY_ACTIVE_ARCH = YES;
				PREBINDING = NO;
				SDKROOT = macosx10.6;
			};
			name = Debug;
		};
		1DEB91B308733DA50010E9CD /* Release */ = {
			isa = XCBuildConfiguration;
			buildSettings = {
				ARCHS = "$(ARCHS_STANDARD_32_64_BIT)";
				GCC_C_LANGUAGE_STANDARD = gnu99;
				GCC_WARN_ABOUT_RETURN_TYPE = YES;
				GCC_WARN_UNUSED_VARIABLE = YES;
				PREBINDING = NO;
				SDKROOT = macosx10.6;
			};
			name = Release;
		};
		5DA3C356128E448800E128DC /* Debug */ = {
			isa = XCBuildConfiguration;
			buildSettings = {
				ALWAYS_SEARCH_USER_PATHS = NO;
				COPY_PHASE_STRIP = NO;
				GCC_DYNAMIC_NO_PIC = NO;
				GCC_ENABLE_FIX_AND_CONTINUE = YES;
				GCC_MODEL_TUNING = G5;
				GCC_OPTIMIZATION_LEVEL = 0;
				GCC_PRECOMPILE_PREFIX_HEADER = YES;
				GCC_PREFIX_HEADER = SimpleGeo_Prefix.pch;
				INFOPLIST_FILE = "Tests-Info.plist";
				INSTALL_PATH = "$(HOME)/Applications";
				OTHER_LDFLAGS = (
					"-framework",
					Foundation,
					"-framework",
					AppKit,
				);
				PREBINDING = NO;
				PRODUCT_NAME = Tests;
			};
			name = Debug;
		};
		5DA3C357128E448800E128DC /* Release */ = {
			isa = XCBuildConfiguration;
			buildSettings = {
				ALWAYS_SEARCH_USER_PATHS = NO;
				COPY_PHASE_STRIP = YES;
				DEBUG_INFORMATION_FORMAT = "dwarf-with-dsym";
				GCC_ENABLE_FIX_AND_CONTINUE = NO;
				GCC_MODEL_TUNING = G5;
				GCC_PRECOMPILE_PREFIX_HEADER = YES;
				GCC_PREFIX_HEADER = SimpleGeo_Prefix.pch;
				INFOPLIST_FILE = "Tests-Info.plist";
				INSTALL_PATH = "$(HOME)/Applications";
				OTHER_LDFLAGS = (
					"-framework",
					Foundation,
					"-framework",
					AppKit,
				);
				PREBINDING = NO;
				PRODUCT_NAME = Tests;
				ZERO_LINK = NO;
			};
			name = Release;
		};
/* End XCBuildConfiguration section */

/* Begin XCConfigurationList section */
		1DEB91AD08733DA50010E9CD /* Build configuration list for PBXNativeTarget "SimpleGeo" */ = {
			isa = XCConfigurationList;
			buildConfigurations = (
				1DEB91AE08733DA50010E9CD /* Debug */,
				1DEB91AF08733DA50010E9CD /* Release */,
			);
			defaultConfigurationIsVisible = 0;
			defaultConfigurationName = Release;
		};
		1DEB91B108733DA50010E9CD /* Build configuration list for PBXProject "SimpleGeo" */ = {
			isa = XCConfigurationList;
			buildConfigurations = (
				1DEB91B208733DA50010E9CD /* Debug */,
				1DEB91B308733DA50010E9CD /* Release */,
			);
			defaultConfigurationIsVisible = 0;
			defaultConfigurationName = Release;
		};
		5DA3C358128E448800E128DC /* Build configuration list for PBXNativeTarget "Tests" */ = {
			isa = XCConfigurationList;
			buildConfigurations = (
				5DA3C356128E448800E128DC /* Debug */,
				5DA3C357128E448800E128DC /* Release */,
			);
			defaultConfigurationIsVisible = 0;
			defaultConfigurationName = Release;
		};
/* End XCConfigurationList section */
	};
	rootObject = 0867D690FE84028FC02AAC07 /* Project object */;
}
