// !$*UTF8*$!
{
	archiveVersion = 1;
	classes = {
	};
	objectVersion = 46;
	objects = {

/* Begin PBXBuildFile section */
		4A685D7D13FC290A0041F56E /* SGPreprocessorMacros.h in Headers */ = {isa = PBXBuildFile; fileRef = 4A685D7C13FC290A0041F56E /* SGPreprocessorMacros.h */; settings = {ATTRIBUTES = (Private, ); }; };
		4AFD5ED71405C1FA007B61EF /* SGCallback.h in Headers */ = {isa = PBXBuildFile; fileRef = 4AFD5ED51405C1FA007B61EF /* SGCallback.h */; };
		4AFD5ED81405C1FA007B61EF /* SGCallback.m in Sources */ = {isa = PBXBuildFile; fileRef = 4AFD5ED61405C1FA007B61EF /* SGCallback.m */; };
		4AFD5EFD1405C207007B61EF /* SGASICacheDelegate.h in Headers */ = {isa = PBXBuildFile; fileRef = 4AFD5EDB1405C207007B61EF /* SGASICacheDelegate.h */; };
		4AFD5EFE1405C207007B61EF /* SGASIDataCompressor.h in Headers */ = {isa = PBXBuildFile; fileRef = 4AFD5EDC1405C207007B61EF /* SGASIDataCompressor.h */; };
		4AFD5EFF1405C207007B61EF /* SGASIDataCompressor.m in Sources */ = {isa = PBXBuildFile; fileRef = 4AFD5EDD1405C207007B61EF /* SGASIDataCompressor.m */; };
		4AFD5F001405C207007B61EF /* SGASIDataDecompressor.h in Headers */ = {isa = PBXBuildFile; fileRef = 4AFD5EDE1405C207007B61EF /* SGASIDataDecompressor.h */; };
		4AFD5F011405C207007B61EF /* SGASIDataDecompressor.m in Sources */ = {isa = PBXBuildFile; fileRef = 4AFD5EDF1405C207007B61EF /* SGASIDataDecompressor.m */; };
		4AFD5F021405C207007B61EF /* SGASIDownloadCache.h in Headers */ = {isa = PBXBuildFile; fileRef = 4AFD5EE01405C207007B61EF /* SGASIDownloadCache.h */; };
		4AFD5F031405C207007B61EF /* SGASIDownloadCache.m in Sources */ = {isa = PBXBuildFile; fileRef = 4AFD5EE11405C207007B61EF /* SGASIDownloadCache.m */; };
		4AFD5F041405C207007B61EF /* SGASIFormDataRequest.h in Headers */ = {isa = PBXBuildFile; fileRef = 4AFD5EE21405C207007B61EF /* SGASIFormDataRequest.h */; };
		4AFD5F051405C207007B61EF /* SGASIFormDataRequest.m in Sources */ = {isa = PBXBuildFile; fileRef = 4AFD5EE31405C207007B61EF /* SGASIFormDataRequest.m */; };
		4AFD5F061405C207007B61EF /* SGASIHTTPRequest.h in Headers */ = {isa = PBXBuildFile; fileRef = 4AFD5EE41405C207007B61EF /* SGASIHTTPRequest.h */; };
		4AFD5F071405C207007B61EF /* SGASIHTTPRequest.m in Sources */ = {isa = PBXBuildFile; fileRef = 4AFD5EE51405C207007B61EF /* SGASIHTTPRequest.m */; };
		4AFD5F081405C207007B61EF /* SGASIHTTPRequestConfig.h in Headers */ = {isa = PBXBuildFile; fileRef = 4AFD5EE61405C207007B61EF /* SGASIHTTPRequestConfig.h */; };
		4AFD5F091405C207007B61EF /* SGASIHTTPRequestDelegate.h in Headers */ = {isa = PBXBuildFile; fileRef = 4AFD5EE71405C207007B61EF /* SGASIHTTPRequestDelegate.h */; };
		4AFD5F0A1405C207007B61EF /* SGASIInputStream.h in Headers */ = {isa = PBXBuildFile; fileRef = 4AFD5EE81405C207007B61EF /* SGASIInputStream.h */; };
		4AFD5F0B1405C207007B61EF /* SGASIInputStream.m in Sources */ = {isa = PBXBuildFile; fileRef = 4AFD5EE91405C207007B61EF /* SGASIInputStream.m */; };
		4AFD5F0C1405C207007B61EF /* SGASINetworkQueue.h in Headers */ = {isa = PBXBuildFile; fileRef = 4AFD5EEA1405C207007B61EF /* SGASINetworkQueue.h */; };
		4AFD5F0D1405C207007B61EF /* SGASINetworkQueue.m in Sources */ = {isa = PBXBuildFile; fileRef = 4AFD5EEB1405C207007B61EF /* SGASINetworkQueue.m */; };
		4AFD5F0E1405C207007B61EF /* SGASIProgressDelegate.h in Headers */ = {isa = PBXBuildFile; fileRef = 4AFD5EEC1405C207007B61EF /* SGASIProgressDelegate.h */; };
		4AFD5F101405C207007B61EF /* SGReachability.h in Headers */ = {isa = PBXBuildFile; fileRef = 4AFD5EEE1405C207007B61EF /* SGReachability.h */; };
		4AFD5F111405C207007B61EF /* SGReachability.m in Sources */ = {isa = PBXBuildFile; fileRef = 4AFD5EEF1405C207007B61EF /* SGReachability.m */; };
		4AFD5F131405C207007B61EF /* SGASIFormDataRequest+OAuth.h in Headers */ = {isa = PBXBuildFile; fileRef = 4AFD5EF21405C207007B61EF /* SGASIFormDataRequest+OAuth.h */; };
		4AFD5F141405C207007B61EF /* SGASIFormDataRequest+OAuth.m in Sources */ = {isa = PBXBuildFile; fileRef = 4AFD5EF31405C207007B61EF /* SGASIFormDataRequest+OAuth.m */; };
		4AFD5F151405C207007B61EF /* SGASIHTTPRequest+OAuth.h in Headers */ = {isa = PBXBuildFile; fileRef = 4AFD5EF41405C207007B61EF /* SGASIHTTPRequest+OAuth.h */; };
		4AFD5F161405C207007B61EF /* SGASIHTTPRequest+OAuth.m in Sources */ = {isa = PBXBuildFile; fileRef = 4AFD5EF51405C207007B61EF /* SGASIHTTPRequest+OAuth.m */; };
		4AFD5F171405C207007B61EF /* SGNSData+Base64.h in Headers */ = {isa = PBXBuildFile; fileRef = 4AFD5EF61405C207007B61EF /* SGNSData+Base64.h */; };
		4AFD5F181405C207007B61EF /* SGNSData+Base64.m in Sources */ = {isa = PBXBuildFile; fileRef = 4AFD5EF71405C207007B61EF /* SGNSData+Base64.m */; };
		4AFD5F191405C207007B61EF /* SGNSString+URLEncode.h in Headers */ = {isa = PBXBuildFile; fileRef = 4AFD5EF81405C207007B61EF /* SGNSString+URLEncode.h */; };
		4AFD5F1A1405C207007B61EF /* SGNSString+URLEncode.m in Sources */ = {isa = PBXBuildFile; fileRef = 4AFD5EF91405C207007B61EF /* SGNSString+URLEncode.m */; };
		4AFD5F1B1405C207007B61EF /* SGJSONKit.h in Headers */ = {isa = PBXBuildFile; fileRef = 4AFD5EFB1405C207007B61EF /* SGJSONKit.h */; };
		4AFD5F1C1405C207007B61EF /* SGJSONKit.m in Sources */ = {isa = PBXBuildFile; fileRef = 4AFD5EFC1405C207007B61EF /* SGJSONKit.m */; };
		940B3F3813EA13CF0022B5EF /* SGCategories.h in Headers */ = {isa = PBXBuildFile; fileRef = 940B3EF713EA13CF0022B5EF /* SGCategories.h */; settings = {ATTRIBUTES = (Public, ); }; };
		940B3F3913EA13CF0022B5EF /* SGTypes.h in Headers */ = {isa = PBXBuildFile; fileRef = 940B3EF813EA13CF0022B5EF /* SGTypes.h */; settings = {ATTRIBUTES = (Public, ); }; };
		940B3F3A13EA13CF0022B5EF /* SGTypes.m in Sources */ = {isa = PBXBuildFile; fileRef = 940B3EF913EA13CF0022B5EF /* SGTypes.m */; };
		940B3F3B13EA13CF0022B5EF /* SGContextQuery.h in Headers */ = {isa = PBXBuildFile; fileRef = 940B3EFB13EA13CF0022B5EF /* SGContextQuery.h */; settings = {ATTRIBUTES = (Public, ); }; };
		940B3F3C13EA13CF0022B5EF /* SGContextQuery.m in Sources */ = {isa = PBXBuildFile; fileRef = 940B3EFC13EA13CF0022B5EF /* SGContextQuery.m */; };
		940B3F3D13EA13CF0022B5EF /* SGNearbyQuery.h in Headers */ = {isa = PBXBuildFile; fileRef = 940B3EFD13EA13CF0022B5EF /* SGNearbyQuery.h */; settings = {ATTRIBUTES = (Public, ); }; };
		940B3F3E13EA13CF0022B5EF /* SGNearbyQuery.m in Sources */ = {isa = PBXBuildFile; fileRef = 940B3EFE13EA13CF0022B5EF /* SGNearbyQuery.m */; };
		940B3F3F13EA13CF0022B5EF /* SGPlacesQuery.h in Headers */ = {isa = PBXBuildFile; fileRef = 940B3EFF13EA13CF0022B5EF /* SGPlacesQuery.h */; settings = {ATTRIBUTES = (Public, ); }; };
		940B3F4013EA13CF0022B5EF /* SGPlacesQuery.m in Sources */ = {isa = PBXBuildFile; fileRef = 940B3F0013EA13CF0022B5EF /* SGPlacesQuery.m */; };
		940B3F4113EA13CF0022B5EF /* SGQuery.h in Headers */ = {isa = PBXBuildFile; fileRef = 940B3F0113EA13CF0022B5EF /* SGQuery.h */; settings = {ATTRIBUTES = (Public, ); }; };
		940B3F4213EA13CF0022B5EF /* SGQuery.m in Sources */ = {isa = PBXBuildFile; fileRef = 940B3F0213EA13CF0022B5EF /* SGQuery.m */; };
		940B3F4313EA13CF0022B5EF /* SGStorageQuery.h in Headers */ = {isa = PBXBuildFile; fileRef = 940B3F0313EA13CF0022B5EF /* SGStorageQuery.h */; settings = {ATTRIBUTES = (Public, ); }; };
		940B3F4413EA13CF0022B5EF /* SGStorageQuery.m in Sources */ = {isa = PBXBuildFile; fileRef = 940B3F0413EA13CF0022B5EF /* SGStorageQuery.m */; };
		940B3F4513EA13CF0022B5EF /* SimpleGeo+Context.h in Headers */ = {isa = PBXBuildFile; fileRef = 940B3F0613EA13CF0022B5EF /* SimpleGeo+Context.h */; settings = {ATTRIBUTES = (Public, ); }; };
		940B3F4613EA13CF0022B5EF /* SimpleGeo+Context.m in Sources */ = {isa = PBXBuildFile; fileRef = 940B3F0713EA13CF0022B5EF /* SimpleGeo+Context.m */; };
		940B3F4713EA13CF0022B5EF /* SimpleGeo+Features.h in Headers */ = {isa = PBXBuildFile; fileRef = 940B3F0813EA13CF0022B5EF /* SimpleGeo+Features.h */; settings = {ATTRIBUTES = (Public, ); }; };
		940B3F4813EA13CF0022B5EF /* SimpleGeo+Features.m in Sources */ = {isa = PBXBuildFile; fileRef = 940B3F0913EA13CF0022B5EF /* SimpleGeo+Features.m */; };
		940B3F4913EA13CF0022B5EF /* SimpleGeo+Places.h in Headers */ = {isa = PBXBuildFile; fileRef = 940B3F0A13EA13CF0022B5EF /* SimpleGeo+Places.h */; settings = {ATTRIBUTES = (Public, ); }; };
		940B3F4A13EA13CF0022B5EF /* SimpleGeo+Places.m in Sources */ = {isa = PBXBuildFile; fileRef = 940B3F0B13EA13CF0022B5EF /* SimpleGeo+Places.m */; };
		940B3F4B13EA13CF0022B5EF /* SimpleGeo+Storage.h in Headers */ = {isa = PBXBuildFile; fileRef = 940B3F0C13EA13CF0022B5EF /* SimpleGeo+Storage.h */; settings = {ATTRIBUTES = (Public, ); }; };
		940B3F4C13EA13CF0022B5EF /* SimpleGeo+Storage.m in Sources */ = {isa = PBXBuildFile; fileRef = 940B3F0D13EA13CF0022B5EF /* SimpleGeo+Storage.m */; };
		940B3F4D13EA13CF0022B5EF /* SimpleGeo+Internal.h in Headers */ = {isa = PBXBuildFile; fileRef = 940B3F0E13EA13CF0022B5EF /* SimpleGeo+Internal.h */; settings = {ATTRIBUTES = (Private, ); }; };
		940B3F4E13EA13CF0022B5EF /* SimpleGeo.h in Headers */ = {isa = PBXBuildFile; fileRef = 940B3F0F13EA13CF0022B5EF /* SimpleGeo.h */; settings = {ATTRIBUTES = (Public, ); }; };
		940B3F4F13EA13CF0022B5EF /* SimpleGeo.m in Sources */ = {isa = PBXBuildFile; fileRef = 940B3F1013EA13CF0022B5EF /* SimpleGeo.m */; };
		940B3F5013EA13CF0022B5EF /* NSArray+SGCollection.h in Headers */ = {isa = PBXBuildFile; fileRef = 940B3F1313EA13CF0022B5EF /* NSArray+SGCollection.h */; settings = {ATTRIBUTES = (Public, ); }; };
		940B3F5113EA13CF0022B5EF /* NSArray+SGCollection.m in Sources */ = {isa = PBXBuildFile; fileRef = 940B3F1413EA13CF0022B5EF /* NSArray+SGCollection.m */; };
		940B3F5213EA13CF0022B5EF /* NSDictionary+Classifier.h in Headers */ = {isa = PBXBuildFile; fileRef = 940B3F1513EA13CF0022B5EF /* NSDictionary+Classifier.h */; settings = {ATTRIBUTES = (Public, ); }; };
		940B3F5313EA13CF0022B5EF /* NSDictionary+Classifier.m in Sources */ = {isa = PBXBuildFile; fileRef = 940B3F1613EA13CF0022B5EF /* NSDictionary+Classifier.m */; };
		940B3F5413EA13CF0022B5EF /* SGAddress+Internal.h in Headers */ = {isa = PBXBuildFile; fileRef = 940B3F1813EA13CF0022B5EF /* SGAddress+Internal.h */; settings = {ATTRIBUTES = (Private, ); }; };
		940B3F5513EA13CF0022B5EF /* SGAddress.h in Headers */ = {isa = PBXBuildFile; fileRef = 940B3F1913EA13CF0022B5EF /* SGAddress.h */; settings = {ATTRIBUTES = (Public, ); }; };
		940B3F5613EA13CF0022B5EF /* SGAddress.m in Sources */ = {isa = PBXBuildFile; fileRef = 940B3F1A13EA13CF0022B5EF /* SGAddress.m */; };
		940B3F5713EA13CF0022B5EF /* SGPlacemark+Internal.h in Headers */ = {isa = PBXBuildFile; fileRef = 940B3F1B13EA13CF0022B5EF /* SGPlacemark+Internal.h */; settings = {ATTRIBUTES = (Private, ); }; };
		940B3F5813EA13CF0022B5EF /* SGPlacemark.h in Headers */ = {isa = PBXBuildFile; fileRef = 940B3F1C13EA13CF0022B5EF /* SGPlacemark.h */; settings = {ATTRIBUTES = (Public, ); }; };
		940B3F5913EA13CF0022B5EF /* SGPlacemark.m in Sources */ = {isa = PBXBuildFile; fileRef = 940B3F1D13EA13CF0022B5EF /* SGPlacemark.m */; };
		940B3F5A13EA13CF0022B5EF /* SGFeature.h in Headers */ = {isa = PBXBuildFile; fileRef = 940B3F1F13EA13CF0022B5EF /* SGFeature.h */; settings = {ATTRIBUTES = (Public, ); }; };
		940B3F5B13EA13CF0022B5EF /* SGFeature.m in Sources */ = {isa = PBXBuildFile; fileRef = 940B3F2013EA13CF0022B5EF /* SGFeature.m */; };
		940B3F5C13EA13CF0022B5EF /* SGGeoObject.h in Headers */ = {isa = PBXBuildFile; fileRef = 940B3F2113EA13CF0022B5EF /* SGGeoObject.h */; settings = {ATTRIBUTES = (Public, ); }; };
		940B3F5D13EA13CF0022B5EF /* SGGeoObject.m in Sources */ = {isa = PBXBuildFile; fileRef = 940B3F2213EA13CF0022B5EF /* SGGeoObject.m */; };
		940B3F5E13EA13CF0022B5EF /* SGPlace.h in Headers */ = {isa = PBXBuildFile; fileRef = 940B3F2313EA13CF0022B5EF /* SGPlace.h */; settings = {ATTRIBUTES = (Public, ); }; };
		940B3F5F13EA13CF0022B5EF /* SGPlace.m in Sources */ = {isa = PBXBuildFile; fileRef = 940B3F2413EA13CF0022B5EF /* SGPlace.m */; };
		940B3F6013EA13CF0022B5EF /* SGStoredRecord.h in Headers */ = {isa = PBXBuildFile; fileRef = 940B3F2513EA13CF0022B5EF /* SGStoredRecord.h */; settings = {ATTRIBUTES = (Public, ); }; };
		940B3F6113EA13CF0022B5EF /* SGStoredRecord.m in Sources */ = {isa = PBXBuildFile; fileRef = 940B3F2613EA13CF0022B5EF /* SGStoredRecord.m */; };
		940B3F6213EA13CF0022B5EF /* SGEnvelope.h in Headers */ = {isa = PBXBuildFile; fileRef = 940B3F2813EA13CF0022B5EF /* SGEnvelope.h */; settings = {ATTRIBUTES = (Public, ); }; };
		940B3F6313EA13CF0022B5EF /* SGEnvelope.m in Sources */ = {isa = PBXBuildFile; fileRef = 940B3F2913EA13CF0022B5EF /* SGEnvelope.m */; };
		940B3F6413EA13CF0022B5EF /* SGGeometry.h in Headers */ = {isa = PBXBuildFile; fileRef = 940B3F2A13EA13CF0022B5EF /* SGGeometry.h */; settings = {ATTRIBUTES = (Public, ); }; };
		940B3F6513EA13CF0022B5EF /* SGGeometry.m in Sources */ = {isa = PBXBuildFile; fileRef = 940B3F2B13EA13CF0022B5EF /* SGGeometry.m */; };
		940B3F6613EA13CF0022B5EF /* SGMultiPolygon.h in Headers */ = {isa = PBXBuildFile; fileRef = 940B3F2C13EA13CF0022B5EF /* SGMultiPolygon.h */; settings = {ATTRIBUTES = (Public, ); }; };
		940B3F6713EA13CF0022B5EF /* SGMultiPolygon.m in Sources */ = {isa = PBXBuildFile; fileRef = 940B3F2D13EA13CF0022B5EF /* SGMultiPolygon.m */; };
		940B3F6813EA13CF0022B5EF /* SGPoint+Internal.h in Headers */ = {isa = PBXBuildFile; fileRef = 940B3F2E13EA13CF0022B5EF /* SGPoint+Internal.h */; settings = {ATTRIBUTES = (Private, ); }; };
		940B3F6913EA13CF0022B5EF /* SGPoint.h in Headers */ = {isa = PBXBuildFile; fileRef = 940B3F2F13EA13CF0022B5EF /* SGPoint.h */; settings = {ATTRIBUTES = (Public, ); }; };
		940B3F6A13EA13CF0022B5EF /* SGPoint.m in Sources */ = {isa = PBXBuildFile; fileRef = 940B3F3013EA13CF0022B5EF /* SGPoint.m */; };
		940B3F6B13EA13CF0022B5EF /* SGPolygon+Internal.h in Headers */ = {isa = PBXBuildFile; fileRef = 940B3F3113EA13CF0022B5EF /* SGPolygon+Internal.h */; settings = {ATTRIBUTES = (Private, ); }; };
		940B3F6C13EA13CF0022B5EF /* SGPolygon.h in Headers */ = {isa = PBXBuildFile; fileRef = 940B3F3213EA13CF0022B5EF /* SGPolygon.h */; settings = {ATTRIBUTES = (Public, ); }; };
		940B3F6D13EA13CF0022B5EF /* SGPolygon.m in Sources */ = {isa = PBXBuildFile; fileRef = 940B3F3313EA13CF0022B5EF /* SGPolygon.m */; };
		940B3F6E13EA13CF0022B5EF /* SGContext.h in Headers */ = {isa = PBXBuildFile; fileRef = 940B3F3413EA13CF0022B5EF /* SGContext.h */; settings = {ATTRIBUTES = (Public, ); }; };
		940B3F6F13EA13CF0022B5EF /* SGContext.m in Sources */ = {isa = PBXBuildFile; fileRef = 940B3F3513EA13CF0022B5EF /* SGContext.m */; };
		940B3F7013EA13CF0022B5EF /* SGLayer.h in Headers */ = {isa = PBXBuildFile; fileRef = 940B3F3613EA13CF0022B5EF /* SGLayer.h */; settings = {ATTRIBUTES = (Public, ); }; };
		940B3F7113EA13CF0022B5EF /* SGLayer.m in Sources */ = {isa = PBXBuildFile; fileRef = 940B3F3713EA13CF0022B5EF /* SGLayer.m */; };
		940B3F7E13EA13E70022B5EF /* SGEnvelope+Mapkit.h in Headers */ = {isa = PBXBuildFile; fileRef = 940B3F7413EA13E70022B5EF /* SGEnvelope+Mapkit.h */; settings = {ATTRIBUTES = (Public, ); }; };
		940B3F7F13EA13E70022B5EF /* SGEnvelope+Mapkit.m in Sources */ = {isa = PBXBuildFile; fileRef = 940B3F7513EA13E70022B5EF /* SGEnvelope+Mapkit.m */; };
		940B3F8013EA13E70022B5EF /* SGGeometry+Mapkit.h in Headers */ = {isa = PBXBuildFile; fileRef = 940B3F7613EA13E70022B5EF /* SGGeometry+Mapkit.h */; settings = {ATTRIBUTES = (Public, ); }; };
		940B3F8113EA13E70022B5EF /* SGGeometry+Mapkit.m in Sources */ = {isa = PBXBuildFile; fileRef = 940B3F7713EA13E70022B5EF /* SGGeometry+Mapkit.m */; };
		940B3F8213EA13E70022B5EF /* SGMultiPolygon+Mapkit.h in Headers */ = {isa = PBXBuildFile; fileRef = 940B3F7813EA13E70022B5EF /* SGMultiPolygon+Mapkit.h */; settings = {ATTRIBUTES = (Public, ); }; };
		940B3F8313EA13E70022B5EF /* SGMultiPolygon+Mapkit.m in Sources */ = {isa = PBXBuildFile; fileRef = 940B3F7913EA13E70022B5EF /* SGMultiPolygon+Mapkit.m */; };
		940B3F8413EA13E70022B5EF /* SGPoint+Mapkit.h in Headers */ = {isa = PBXBuildFile; fileRef = 940B3F7A13EA13E70022B5EF /* SGPoint+Mapkit.h */; settings = {ATTRIBUTES = (Public, ); }; };
		940B3F8513EA13E70022B5EF /* SGPoint+Mapkit.m in Sources */ = {isa = PBXBuildFile; fileRef = 940B3F7B13EA13E70022B5EF /* SGPoint+Mapkit.m */; };
		940B3F8613EA13E70022B5EF /* SGPolygon+Mapkit.h in Headers */ = {isa = PBXBuildFile; fileRef = 940B3F7C13EA13E70022B5EF /* SGPolygon+Mapkit.h */; settings = {ATTRIBUTES = (Public, ); }; };
		940B3F8713EA13E70022B5EF /* SGPolygon+Mapkit.m in Sources */ = {isa = PBXBuildFile; fileRef = 940B3F7D13EA13E70022B5EF /* SGPolygon+Mapkit.m */; };
		940B3F8913EA13F50022B5EF /* SimpleGeo-Prefix.pch in Headers */ = {isa = PBXBuildFile; fileRef = 940B3F8813EA13F50022B5EF /* SimpleGeo-Prefix.pch */; settings = {ATTRIBUTES = (); }; };
		940B468D13EA15310022B5EF /* SGHTTPClient.h in Headers */ = {isa = PBXBuildFile; fileRef = 940B452313EA15310022B5EF /* SGHTTPClient.h */; settings = {ATTRIBUTES = (Public, ); }; };
		940B468E13EA15310022B5EF /* SGHTTPClient.m in Sources */ = {isa = PBXBuildFile; fileRef = 940B452413EA15310022B5EF /* SGHTTPClient.m */; };
		940B478813EA15310022B5EF /* SGObjCHTTP-Prefix.pch in Headers */ = {isa = PBXBuildFile; fileRef = 940B468113EA15310022B5EF /* SGObjCHTTP-Prefix.pch */; settings = {ATTRIBUTES = (); }; };
/* End PBXBuildFile section */

/* Begin PBXFileReference section */
		4A685D7C13FC290A0041F56E /* SGPreprocessorMacros.h */ = {isa = PBXFileReference; fileEncoding = 4; lastKnownFileType = sourcecode.c.h; path = SGPreprocessorMacros.h; sourceTree = "<group>"; };
		4AFD5ED51405C1FA007B61EF /* SGCallback.h */ = {isa = PBXFileReference; fileEncoding = 4; lastKnownFileType = sourcecode.c.h; path = SGCallback.h; sourceTree = "<group>"; };
		4AFD5ED61405C1FA007B61EF /* SGCallback.m */ = {isa = PBXFileReference; fileEncoding = 4; lastKnownFileType = sourcecode.c.objc; path = SGCallback.m; sourceTree = "<group>"; };
		4AFD5EDB1405C207007B61EF /* SGASICacheDelegate.h */ = {isa = PBXFileReference; fileEncoding = 4; lastKnownFileType = sourcecode.c.h; path = SGASICacheDelegate.h; sourceTree = "<group>"; };
		4AFD5EDC1405C207007B61EF /* SGASIDataCompressor.h */ = {isa = PBXFileReference; fileEncoding = 4; lastKnownFileType = sourcecode.c.h; path = SGASIDataCompressor.h; sourceTree = "<group>"; };
		4AFD5EDD1405C207007B61EF /* SGASIDataCompressor.m */ = {isa = PBXFileReference; fileEncoding = 4; lastKnownFileType = sourcecode.c.objc; path = SGASIDataCompressor.m; sourceTree = "<group>"; };
		4AFD5EDE1405C207007B61EF /* SGASIDataDecompressor.h */ = {isa = PBXFileReference; fileEncoding = 4; lastKnownFileType = sourcecode.c.h; path = SGASIDataDecompressor.h; sourceTree = "<group>"; };
		4AFD5EDF1405C207007B61EF /* SGASIDataDecompressor.m */ = {isa = PBXFileReference; fileEncoding = 4; lastKnownFileType = sourcecode.c.objc; path = SGASIDataDecompressor.m; sourceTree = "<group>"; };
		4AFD5EE01405C207007B61EF /* SGASIDownloadCache.h */ = {isa = PBXFileReference; fileEncoding = 4; lastKnownFileType = sourcecode.c.h; path = SGASIDownloadCache.h; sourceTree = "<group>"; };
		4AFD5EE11405C207007B61EF /* SGASIDownloadCache.m */ = {isa = PBXFileReference; fileEncoding = 4; lastKnownFileType = sourcecode.c.objc; path = SGASIDownloadCache.m; sourceTree = "<group>"; };
		4AFD5EE21405C207007B61EF /* SGASIFormDataRequest.h */ = {isa = PBXFileReference; fileEncoding = 4; lastKnownFileType = sourcecode.c.h; path = SGASIFormDataRequest.h; sourceTree = "<group>"; };
		4AFD5EE31405C207007B61EF /* SGASIFormDataRequest.m */ = {isa = PBXFileReference; fileEncoding = 4; lastKnownFileType = sourcecode.c.objc; path = SGASIFormDataRequest.m; sourceTree = "<group>"; };
		4AFD5EE41405C207007B61EF /* SGASIHTTPRequest.h */ = {isa = PBXFileReference; fileEncoding = 4; lastKnownFileType = sourcecode.c.h; path = SGASIHTTPRequest.h; sourceTree = "<group>"; };
		4AFD5EE51405C207007B61EF /* SGASIHTTPRequest.m */ = {isa = PBXFileReference; fileEncoding = 4; lastKnownFileType = sourcecode.c.objc; path = SGASIHTTPRequest.m; sourceTree = "<group>"; };
		4AFD5EE61405C207007B61EF /* SGASIHTTPRequestConfig.h */ = {isa = PBXFileReference; fileEncoding = 4; lastKnownFileType = sourcecode.c.h; path = SGASIHTTPRequestConfig.h; sourceTree = "<group>"; };
		4AFD5EE71405C207007B61EF /* SGASIHTTPRequestDelegate.h */ = {isa = PBXFileReference; fileEncoding = 4; lastKnownFileType = sourcecode.c.h; path = SGASIHTTPRequestDelegate.h; sourceTree = "<group>"; };
		4AFD5EE81405C207007B61EF /* SGASIInputStream.h */ = {isa = PBXFileReference; fileEncoding = 4; lastKnownFileType = sourcecode.c.h; path = SGASIInputStream.h; sourceTree = "<group>"; };
		4AFD5EE91405C207007B61EF /* SGASIInputStream.m */ = {isa = PBXFileReference; fileEncoding = 4; lastKnownFileType = sourcecode.c.objc; path = SGASIInputStream.m; sourceTree = "<group>"; };
		4AFD5EEA1405C207007B61EF /* SGASINetworkQueue.h */ = {isa = PBXFileReference; fileEncoding = 4; lastKnownFileType = sourcecode.c.h; path = SGASINetworkQueue.h; sourceTree = "<group>"; };
		4AFD5EEB1405C207007B61EF /* SGASINetworkQueue.m */ = {isa = PBXFileReference; fileEncoding = 4; lastKnownFileType = sourcecode.c.objc; path = SGASINetworkQueue.m; sourceTree = "<group>"; };
		4AFD5EEC1405C207007B61EF /* SGASIProgressDelegate.h */ = {isa = PBXFileReference; fileEncoding = 4; lastKnownFileType = sourcecode.c.h; path = SGASIProgressDelegate.h; sourceTree = "<group>"; };
		4AFD5EEE1405C207007B61EF /* SGReachability.h */ = {isa = PBXFileReference; fileEncoding = 4; lastKnownFileType = sourcecode.c.h; path = SGReachability.h; sourceTree = "<group>"; };
		4AFD5EEF1405C207007B61EF /* SGReachability.m */ = {isa = PBXFileReference; fileEncoding = 4; lastKnownFileType = sourcecode.c.objc; path = SGReachability.m; sourceTree = "<group>"; };
		4AFD5EF21405C207007B61EF /* SGASIFormDataRequest+OAuth.h */ = {isa = PBXFileReference; fileEncoding = 4; lastKnownFileType = sourcecode.c.h; path = "SGASIFormDataRequest+OAuth.h"; sourceTree = "<group>"; };
		4AFD5EF31405C207007B61EF /* SGASIFormDataRequest+OAuth.m */ = {isa = PBXFileReference; fileEncoding = 4; lastKnownFileType = sourcecode.c.objc; path = "SGASIFormDataRequest+OAuth.m"; sourceTree = "<group>"; };
		4AFD5EF41405C207007B61EF /* SGASIHTTPRequest+OAuth.h */ = {isa = PBXFileReference; fileEncoding = 4; lastKnownFileType = sourcecode.c.h; path = "SGASIHTTPRequest+OAuth.h"; sourceTree = "<group>"; };
		4AFD5EF51405C207007B61EF /* SGASIHTTPRequest+OAuth.m */ = {isa = PBXFileReference; fileEncoding = 4; lastKnownFileType = sourcecode.c.objc; path = "SGASIHTTPRequest+OAuth.m"; sourceTree = "<group>"; };
		4AFD5EF61405C207007B61EF /* SGNSData+Base64.h */ = {isa = PBXFileReference; fileEncoding = 4; lastKnownFileType = sourcecode.c.h; path = "SGNSData+Base64.h"; sourceTree = "<group>"; };
		4AFD5EF71405C207007B61EF /* SGNSData+Base64.m */ = {isa = PBXFileReference; fileEncoding = 4; lastKnownFileType = sourcecode.c.objc; path = "SGNSData+Base64.m"; sourceTree = "<group>"; };
		4AFD5EF81405C207007B61EF /* SGNSString+URLEncode.h */ = {isa = PBXFileReference; fileEncoding = 4; lastKnownFileType = sourcecode.c.h; path = "SGNSString+URLEncode.h"; sourceTree = "<group>"; };
		4AFD5EF91405C207007B61EF /* SGNSString+URLEncode.m */ = {isa = PBXFileReference; fileEncoding = 4; lastKnownFileType = sourcecode.c.objc; path = "SGNSString+URLEncode.m"; sourceTree = "<group>"; };
		4AFD5EFB1405C207007B61EF /* SGJSONKit.h */ = {isa = PBXFileReference; fileEncoding = 4; lastKnownFileType = sourcecode.c.h; path = SGJSONKit.h; sourceTree = "<group>"; };
		4AFD5EFC1405C207007B61EF /* SGJSONKit.m */ = {isa = PBXFileReference; fileEncoding = 4; lastKnownFileType = sourcecode.c.objc; path = SGJSONKit.m; sourceTree = "<group>"; };
		5DF1FB8512C2C5B60097CF47 /* SimpleGeo.framework */ = {isa = PBXFileReference; explicitFileType = wrapper.cfbundle; includeInIndex = 0; path = SimpleGeo.framework; sourceTree = BUILT_PRODUCTS_DIR; };
		5DF1FB8612C2C5B60097CF47 /* SimpleGeo-Info.plist */ = {isa = PBXFileReference; lastKnownFileType = text.plist.xml; path = "SimpleGeo-Info.plist"; sourceTree = "<group>"; };
		940B3EF713EA13CF0022B5EF /* SGCategories.h */ = {isa = PBXFileReference; fileEncoding = 4; lastKnownFileType = sourcecode.c.h; path = SGCategories.h; sourceTree = "<group>"; };
		940B3EF813EA13CF0022B5EF /* SGTypes.h */ = {isa = PBXFileReference; fileEncoding = 4; lastKnownFileType = sourcecode.c.h; path = SGTypes.h; sourceTree = "<group>"; };
		940B3EF913EA13CF0022B5EF /* SGTypes.m */ = {isa = PBXFileReference; fileEncoding = 4; lastKnownFileType = sourcecode.c.objc; path = SGTypes.m; sourceTree = "<group>"; };
		940B3EFB13EA13CF0022B5EF /* SGContextQuery.h */ = {isa = PBXFileReference; fileEncoding = 4; lastKnownFileType = sourcecode.c.h; path = SGContextQuery.h; sourceTree = "<group>"; };
		940B3EFC13EA13CF0022B5EF /* SGContextQuery.m */ = {isa = PBXFileReference; fileEncoding = 4; lastKnownFileType = sourcecode.c.objc; path = SGContextQuery.m; sourceTree = "<group>"; };
		940B3EFD13EA13CF0022B5EF /* SGNearbyQuery.h */ = {isa = PBXFileReference; fileEncoding = 4; lastKnownFileType = sourcecode.c.h; path = SGNearbyQuery.h; sourceTree = "<group>"; };
		940B3EFE13EA13CF0022B5EF /* SGNearbyQuery.m */ = {isa = PBXFileReference; fileEncoding = 4; lastKnownFileType = sourcecode.c.objc; path = SGNearbyQuery.m; sourceTree = "<group>"; };
		940B3EFF13EA13CF0022B5EF /* SGPlacesQuery.h */ = {isa = PBXFileReference; fileEncoding = 4; lastKnownFileType = sourcecode.c.h; path = SGPlacesQuery.h; sourceTree = "<group>"; };
		940B3F0013EA13CF0022B5EF /* SGPlacesQuery.m */ = {isa = PBXFileReference; fileEncoding = 4; lastKnownFileType = sourcecode.c.objc; path = SGPlacesQuery.m; sourceTree = "<group>"; };
		940B3F0113EA13CF0022B5EF /* SGQuery.h */ = {isa = PBXFileReference; fileEncoding = 4; lastKnownFileType = sourcecode.c.h; path = SGQuery.h; sourceTree = "<group>"; };
		940B3F0213EA13CF0022B5EF /* SGQuery.m */ = {isa = PBXFileReference; fileEncoding = 4; lastKnownFileType = sourcecode.c.objc; path = SGQuery.m; sourceTree = "<group>"; };
		940B3F0313EA13CF0022B5EF /* SGStorageQuery.h */ = {isa = PBXFileReference; fileEncoding = 4; lastKnownFileType = sourcecode.c.h; path = SGStorageQuery.h; sourceTree = "<group>"; };
		940B3F0413EA13CF0022B5EF /* SGStorageQuery.m */ = {isa = PBXFileReference; fileEncoding = 4; lastKnownFileType = sourcecode.c.objc; path = SGStorageQuery.m; sourceTree = "<group>"; };
		940B3F0613EA13CF0022B5EF /* SimpleGeo+Context.h */ = {isa = PBXFileReference; fileEncoding = 4; lastKnownFileType = sourcecode.c.h; path = "SimpleGeo+Context.h"; sourceTree = "<group>"; };
		940B3F0713EA13CF0022B5EF /* SimpleGeo+Context.m */ = {isa = PBXFileReference; fileEncoding = 4; lastKnownFileType = sourcecode.c.objc; path = "SimpleGeo+Context.m"; sourceTree = "<group>"; };
		940B3F0813EA13CF0022B5EF /* SimpleGeo+Features.h */ = {isa = PBXFileReference; fileEncoding = 4; lastKnownFileType = sourcecode.c.h; path = "SimpleGeo+Features.h"; sourceTree = "<group>"; };
		940B3F0913EA13CF0022B5EF /* SimpleGeo+Features.m */ = {isa = PBXFileReference; fileEncoding = 4; lastKnownFileType = sourcecode.c.objc; path = "SimpleGeo+Features.m"; sourceTree = "<group>"; };
		940B3F0A13EA13CF0022B5EF /* SimpleGeo+Places.h */ = {isa = PBXFileReference; fileEncoding = 4; lastKnownFileType = sourcecode.c.h; path = "SimpleGeo+Places.h"; sourceTree = "<group>"; };
		940B3F0B13EA13CF0022B5EF /* SimpleGeo+Places.m */ = {isa = PBXFileReference; fileEncoding = 4; lastKnownFileType = sourcecode.c.objc; path = "SimpleGeo+Places.m"; sourceTree = "<group>"; };
		940B3F0C13EA13CF0022B5EF /* SimpleGeo+Storage.h */ = {isa = PBXFileReference; fileEncoding = 4; lastKnownFileType = sourcecode.c.h; path = "SimpleGeo+Storage.h"; sourceTree = "<group>"; };
		940B3F0D13EA13CF0022B5EF /* SimpleGeo+Storage.m */ = {isa = PBXFileReference; fileEncoding = 4; lastKnownFileType = sourcecode.c.objc; path = "SimpleGeo+Storage.m"; sourceTree = "<group>"; };
		940B3F0E13EA13CF0022B5EF /* SimpleGeo+Internal.h */ = {isa = PBXFileReference; fileEncoding = 4; lastKnownFileType = sourcecode.c.h; path = "SimpleGeo+Internal.h"; sourceTree = "<group>"; };
		940B3F0F13EA13CF0022B5EF /* SimpleGeo.h */ = {isa = PBXFileReference; fileEncoding = 4; lastKnownFileType = sourcecode.c.h; path = SimpleGeo.h; sourceTree = "<group>"; };
		940B3F1013EA13CF0022B5EF /* SimpleGeo.m */ = {isa = PBXFileReference; fileEncoding = 4; lastKnownFileType = sourcecode.c.objc; path = SimpleGeo.m; sourceTree = "<group>"; };
		940B3F1313EA13CF0022B5EF /* NSArray+SGCollection.h */ = {isa = PBXFileReference; fileEncoding = 4; lastKnownFileType = sourcecode.c.h; path = "NSArray+SGCollection.h"; sourceTree = "<group>"; };
		940B3F1413EA13CF0022B5EF /* NSArray+SGCollection.m */ = {isa = PBXFileReference; fileEncoding = 4; lastKnownFileType = sourcecode.c.objc; path = "NSArray+SGCollection.m"; sourceTree = "<group>"; };
		940B3F1513EA13CF0022B5EF /* NSDictionary+Classifier.h */ = {isa = PBXFileReference; fileEncoding = 4; lastKnownFileType = sourcecode.c.h; path = "NSDictionary+Classifier.h"; sourceTree = "<group>"; };
		940B3F1613EA13CF0022B5EF /* NSDictionary+Classifier.m */ = {isa = PBXFileReference; fileEncoding = 4; lastKnownFileType = sourcecode.c.objc; path = "NSDictionary+Classifier.m"; sourceTree = "<group>"; };
		940B3F1813EA13CF0022B5EF /* SGAddress+Internal.h */ = {isa = PBXFileReference; fileEncoding = 4; lastKnownFileType = sourcecode.c.h; path = "SGAddress+Internal.h"; sourceTree = "<group>"; };
		940B3F1913EA13CF0022B5EF /* SGAddress.h */ = {isa = PBXFileReference; fileEncoding = 4; lastKnownFileType = sourcecode.c.h; path = SGAddress.h; sourceTree = "<group>"; };
		940B3F1A13EA13CF0022B5EF /* SGAddress.m */ = {isa = PBXFileReference; fileEncoding = 4; lastKnownFileType = sourcecode.c.objc; path = SGAddress.m; sourceTree = "<group>"; };
		940B3F1B13EA13CF0022B5EF /* SGPlacemark+Internal.h */ = {isa = PBXFileReference; fileEncoding = 4; lastKnownFileType = sourcecode.c.h; path = "SGPlacemark+Internal.h"; sourceTree = "<group>"; };
		940B3F1C13EA13CF0022B5EF /* SGPlacemark.h */ = {isa = PBXFileReference; fileEncoding = 4; lastKnownFileType = sourcecode.c.h; path = SGPlacemark.h; sourceTree = "<group>"; };
		940B3F1D13EA13CF0022B5EF /* SGPlacemark.m */ = {isa = PBXFileReference; fileEncoding = 4; lastKnownFileType = sourcecode.c.objc; path = SGPlacemark.m; sourceTree = "<group>"; };
		940B3F1F13EA13CF0022B5EF /* SGFeature.h */ = {isa = PBXFileReference; fileEncoding = 4; lastKnownFileType = sourcecode.c.h; path = SGFeature.h; sourceTree = "<group>"; };
		940B3F2013EA13CF0022B5EF /* SGFeature.m */ = {isa = PBXFileReference; fileEncoding = 4; lastKnownFileType = sourcecode.c.objc; path = SGFeature.m; sourceTree = "<group>"; };
		940B3F2113EA13CF0022B5EF /* SGGeoObject.h */ = {isa = PBXFileReference; fileEncoding = 4; lastKnownFileType = sourcecode.c.h; path = SGGeoObject.h; sourceTree = "<group>"; };
		940B3F2213EA13CF0022B5EF /* SGGeoObject.m */ = {isa = PBXFileReference; fileEncoding = 4; lastKnownFileType = sourcecode.c.objc; path = SGGeoObject.m; sourceTree = "<group>"; };
		940B3F2313EA13CF0022B5EF /* SGPlace.h */ = {isa = PBXFileReference; fileEncoding = 4; lastKnownFileType = sourcecode.c.h; path = SGPlace.h; sourceTree = "<group>"; };
		940B3F2413EA13CF0022B5EF /* SGPlace.m */ = {isa = PBXFileReference; fileEncoding = 4; lastKnownFileType = sourcecode.c.objc; path = SGPlace.m; sourceTree = "<group>"; };
		940B3F2513EA13CF0022B5EF /* SGStoredRecord.h */ = {isa = PBXFileReference; fileEncoding = 4; lastKnownFileType = sourcecode.c.h; path = SGStoredRecord.h; sourceTree = "<group>"; };
		940B3F2613EA13CF0022B5EF /* SGStoredRecord.m */ = {isa = PBXFileReference; fileEncoding = 4; lastKnownFileType = sourcecode.c.objc; path = SGStoredRecord.m; sourceTree = "<group>"; };
		940B3F2813EA13CF0022B5EF /* SGEnvelope.h */ = {isa = PBXFileReference; fileEncoding = 4; lastKnownFileType = sourcecode.c.h; path = SGEnvelope.h; sourceTree = "<group>"; };
		940B3F2913EA13CF0022B5EF /* SGEnvelope.m */ = {isa = PBXFileReference; fileEncoding = 4; lastKnownFileType = sourcecode.c.objc; path = SGEnvelope.m; sourceTree = "<group>"; };
		940B3F2A13EA13CF0022B5EF /* SGGeometry.h */ = {isa = PBXFileReference; fileEncoding = 4; lastKnownFileType = sourcecode.c.h; path = SGGeometry.h; sourceTree = "<group>"; };
		940B3F2B13EA13CF0022B5EF /* SGGeometry.m */ = {isa = PBXFileReference; fileEncoding = 4; lastKnownFileType = sourcecode.c.objc; path = SGGeometry.m; sourceTree = "<group>"; };
		940B3F2C13EA13CF0022B5EF /* SGMultiPolygon.h */ = {isa = PBXFileReference; fileEncoding = 4; lastKnownFileType = sourcecode.c.h; path = SGMultiPolygon.h; sourceTree = "<group>"; };
		940B3F2D13EA13CF0022B5EF /* SGMultiPolygon.m */ = {isa = PBXFileReference; fileEncoding = 4; lastKnownFileType = sourcecode.c.objc; path = SGMultiPolygon.m; sourceTree = "<group>"; };
		940B3F2E13EA13CF0022B5EF /* SGPoint+Internal.h */ = {isa = PBXFileReference; fileEncoding = 4; lastKnownFileType = sourcecode.c.h; path = "SGPoint+Internal.h"; sourceTree = "<group>"; };
		940B3F2F13EA13CF0022B5EF /* SGPoint.h */ = {isa = PBXFileReference; fileEncoding = 4; lastKnownFileType = sourcecode.c.h; path = SGPoint.h; sourceTree = "<group>"; };
		940B3F3013EA13CF0022B5EF /* SGPoint.m */ = {isa = PBXFileReference; fileEncoding = 4; lastKnownFileType = sourcecode.c.objc; path = SGPoint.m; sourceTree = "<group>"; };
		940B3F3113EA13CF0022B5EF /* SGPolygon+Internal.h */ = {isa = PBXFileReference; fileEncoding = 4; lastKnownFileType = sourcecode.c.h; path = "SGPolygon+Internal.h"; sourceTree = "<group>"; };
		940B3F3213EA13CF0022B5EF /* SGPolygon.h */ = {isa = PBXFileReference; fileEncoding = 4; lastKnownFileType = sourcecode.c.h; path = SGPolygon.h; sourceTree = "<group>"; };
		940B3F3313EA13CF0022B5EF /* SGPolygon.m */ = {isa = PBXFileReference; fileEncoding = 4; lastKnownFileType = sourcecode.c.objc; path = SGPolygon.m; sourceTree = "<group>"; };
		940B3F3413EA13CF0022B5EF /* SGContext.h */ = {isa = PBXFileReference; fileEncoding = 4; lastKnownFileType = sourcecode.c.h; path = SGContext.h; sourceTree = "<group>"; };
		940B3F3513EA13CF0022B5EF /* SGContext.m */ = {isa = PBXFileReference; fileEncoding = 4; lastKnownFileType = sourcecode.c.objc; path = SGContext.m; sourceTree = "<group>"; };
		940B3F3613EA13CF0022B5EF /* SGLayer.h */ = {isa = PBXFileReference; fileEncoding = 4; lastKnownFileType = sourcecode.c.h; path = SGLayer.h; sourceTree = "<group>"; };
		940B3F3713EA13CF0022B5EF /* SGLayer.m */ = {isa = PBXFileReference; fileEncoding = 4; lastKnownFileType = sourcecode.c.objc; path = SGLayer.m; sourceTree = "<group>"; };
		940B3F7413EA13E70022B5EF /* SGEnvelope+Mapkit.h */ = {isa = PBXFileReference; fileEncoding = 4; lastKnownFileType = sourcecode.c.h; path = "SGEnvelope+Mapkit.h"; sourceTree = "<group>"; };
		940B3F7513EA13E70022B5EF /* SGEnvelope+Mapkit.m */ = {isa = PBXFileReference; fileEncoding = 4; lastKnownFileType = sourcecode.c.objc; path = "SGEnvelope+Mapkit.m"; sourceTree = "<group>"; };
		940B3F7613EA13E70022B5EF /* SGGeometry+Mapkit.h */ = {isa = PBXFileReference; fileEncoding = 4; lastKnownFileType = sourcecode.c.h; path = "SGGeometry+Mapkit.h"; sourceTree = "<group>"; };
		940B3F7713EA13E70022B5EF /* SGGeometry+Mapkit.m */ = {isa = PBXFileReference; fileEncoding = 4; lastKnownFileType = sourcecode.c.objc; path = "SGGeometry+Mapkit.m"; sourceTree = "<group>"; };
		940B3F7813EA13E70022B5EF /* SGMultiPolygon+Mapkit.h */ = {isa = PBXFileReference; fileEncoding = 4; lastKnownFileType = sourcecode.c.h; path = "SGMultiPolygon+Mapkit.h"; sourceTree = "<group>"; };
		940B3F7913EA13E70022B5EF /* SGMultiPolygon+Mapkit.m */ = {isa = PBXFileReference; fileEncoding = 4; lastKnownFileType = sourcecode.c.objc; path = "SGMultiPolygon+Mapkit.m"; sourceTree = "<group>"; };
		940B3F7A13EA13E70022B5EF /* SGPoint+Mapkit.h */ = {isa = PBXFileReference; fileEncoding = 4; lastKnownFileType = sourcecode.c.h; path = "SGPoint+Mapkit.h"; sourceTree = "<group>"; };
		940B3F7B13EA13E70022B5EF /* SGPoint+Mapkit.m */ = {isa = PBXFileReference; fileEncoding = 4; lastKnownFileType = sourcecode.c.objc; path = "SGPoint+Mapkit.m"; sourceTree = "<group>"; };
		940B3F7C13EA13E70022B5EF /* SGPolygon+Mapkit.h */ = {isa = PBXFileReference; fileEncoding = 4; lastKnownFileType = sourcecode.c.h; path = "SGPolygon+Mapkit.h"; sourceTree = "<group>"; };
		940B3F7D13EA13E70022B5EF /* SGPolygon+Mapkit.m */ = {isa = PBXFileReference; fileEncoding = 4; lastKnownFileType = sourcecode.c.objc; path = "SGPolygon+Mapkit.m"; sourceTree = "<group>"; };
		940B3F8813EA13F50022B5EF /* SimpleGeo-Prefix.pch */ = {isa = PBXFileReference; fileEncoding = 4; lastKnownFileType = sourcecode.c.h; path = "SimpleGeo-Prefix.pch"; sourceTree = "<group>"; };
		940B451B13EA150A0022B5EF /* Debug.xcconfig */ = {isa = PBXFileReference; fileEncoding = 4; lastKnownFileType = text.xcconfig; name = Debug.xcconfig; path = Config/Debug.xcconfig; sourceTree = "<group>"; };
		940B451C13EA150A0022B5EF /* Release.xcconfig */ = {isa = PBXFileReference; fileEncoding = 4; lastKnownFileType = text.xcconfig; name = Release.xcconfig; path = Config/Release.xcconfig; sourceTree = "<group>"; };
		940B451D13EA150A0022B5EF /* Shared.xcconfig */ = {isa = PBXFileReference; fileEncoding = 4; lastKnownFileType = text.xcconfig; name = Shared.xcconfig; path = Config/Shared.xcconfig; sourceTree = "<group>"; };
		940B452313EA15310022B5EF /* SGHTTPClient.h */ = {isa = PBXFileReference; fileEncoding = 4; lastKnownFileType = sourcecode.c.h; path = SGHTTPClient.h; sourceTree = "<group>"; };
		940B452413EA15310022B5EF /* SGHTTPClient.m */ = {isa = PBXFileReference; fileEncoding = 4; lastKnownFileType = sourcecode.c.objc; path = SGHTTPClient.m; sourceTree = "<group>"; };
		940B468113EA15310022B5EF /* SGObjCHTTP-Prefix.pch */ = {isa = PBXFileReference; fileEncoding = 4; lastKnownFileType = sourcecode.c.h; path = "SGObjCHTTP-Prefix.pch"; sourceTree = "<group>"; };
/* End PBXFileReference section */

/* Begin PBXFrameworksBuildPhase section */
		5DF1FB8312C2C5B60097CF47 /* Frameworks */ = {
			isa = PBXFrameworksBuildPhase;
			buildActionMask = 2147483647;
			files = (
			);
			runOnlyForDeploymentPostprocessing = 0;
		};
/* End PBXFrameworksBuildPhase section */

/* Begin PBXGroup section */
		034768DFFF38A50411DB9C8B /* Products */ = {
			isa = PBXGroup;
			children = (
				5DF1FB8512C2C5B60097CF47 /* SimpleGeo.framework */,
			);
			name = Products;
			sourceTree = "<group>";
		};
		0867D691FE84028FC02AAC07 /* SimpleGeo */ = {
			isa = PBXGroup;
			children = (
				5D79622A12E1163D00B33631 /* Build Configuration */,
				940B3EF413EA13CF0022B5EF /* Classes */,
				5DF1FBF112C2C7A30097CF47 /* Resources */,
				034768DFFF38A50411DB9C8B /* Products */,
			);
			name = SimpleGeo;
			sourceTree = "<group>";
		};
		4A685D7A13FC28F20041F56E /* Utility */ = {
			isa = PBXGroup;
			children = (
				4A685D7C13FC290A0041F56E /* SGPreprocessorMacros.h */,
			);
			path = Utility;
			sourceTree = "<group>";
		};
		4AFD5ED91405C207007B61EF /* asi-http-request */ = {
			isa = PBXGroup;
			children = (
				4AFD5EDA1405C207007B61EF /* Classes */,
				4AFD5EEE1405C207007B61EF /* SGReachability.h */,
				4AFD5EEF1405C207007B61EF /* SGReachability.m */,
			);
			path = "asi-http-request";
			sourceTree = "<group>";
		};
		4AFD5EDA1405C207007B61EF /* Classes */ = {
			isa = PBXGroup;
			children = (
				4AFD5EDB1405C207007B61EF /* SGASICacheDelegate.h */,
				4AFD5EDC1405C207007B61EF /* SGASIDataCompressor.h */,
				4AFD5EDD1405C207007B61EF /* SGASIDataCompressor.m */,
				4AFD5EDE1405C207007B61EF /* SGASIDataDecompressor.h */,
				4AFD5EDF1405C207007B61EF /* SGASIDataDecompressor.m */,
				4AFD5EE01405C207007B61EF /* SGASIDownloadCache.h */,
				4AFD5EE11405C207007B61EF /* SGASIDownloadCache.m */,
				4AFD5EE21405C207007B61EF /* SGASIFormDataRequest.h */,
				4AFD5EE31405C207007B61EF /* SGASIFormDataRequest.m */,
				4AFD5EE41405C207007B61EF /* SGASIHTTPRequest.h */,
				4AFD5EE51405C207007B61EF /* SGASIHTTPRequest.m */,
				4AFD5EE61405C207007B61EF /* SGASIHTTPRequestConfig.h */,
				4AFD5EE71405C207007B61EF /* SGASIHTTPRequestDelegate.h */,
				4AFD5EE81405C207007B61EF /* SGASIInputStream.h */,
				4AFD5EE91405C207007B61EF /* SGASIInputStream.m */,
				4AFD5EEA1405C207007B61EF /* SGASINetworkQueue.h */,
				4AFD5EEB1405C207007B61EF /* SGASINetworkQueue.m */,
				4AFD5EEC1405C207007B61EF /* SGASIProgressDelegate.h */,
			);
			path = Classes;
			sourceTree = "<group>";
		};
		4AFD5EF01405C207007B61EF /* asi-http-request-oauth */ = {
			isa = PBXGroup;
			children = (
				4AFD5EF21405C207007B61EF /* SGASIFormDataRequest+OAuth.h */,
				4AFD5EF31405C207007B61EF /* SGASIFormDataRequest+OAuth.m */,
				4AFD5EF41405C207007B61EF /* SGASIHTTPRequest+OAuth.h */,
				4AFD5EF51405C207007B61EF /* SGASIHTTPRequest+OAuth.m */,
				4AFD5EF61405C207007B61EF /* SGNSData+Base64.h */,
				4AFD5EF71405C207007B61EF /* SGNSData+Base64.m */,
				4AFD5EF81405C207007B61EF /* SGNSString+URLEncode.h */,
				4AFD5EF91405C207007B61EF /* SGNSString+URLEncode.m */,
			);
			path = "asi-http-request-oauth";
			sourceTree = "<group>";
		};
		4AFD5EFA1405C207007B61EF /* JSONKit */ = {
			isa = PBXGroup;
			children = (
				4AFD5EFB1405C207007B61EF /* SGJSONKit.h */,
				4AFD5EFC1405C207007B61EF /* SGJSONKit.m */,
			);
			path = JSONKit;
			sourceTree = "<group>";
		};
		5D79622A12E1163D00B33631 /* Build Configuration */ = {
			isa = PBXGroup;
			children = (
				940B451B13EA150A0022B5EF /* Debug.xcconfig */,
				940B451C13EA150A0022B5EF /* Release.xcconfig */,
				940B451D13EA150A0022B5EF /* Shared.xcconfig */,
			);
			name = "Build Configuration";
			sourceTree = "<group>";
		};
		5DF1FBF112C2C7A30097CF47 /* Resources */ = {
			isa = PBXGroup;
			children = (
				940B3F8813EA13F50022B5EF /* SimpleGeo-Prefix.pch */,
				5DF1FB8612C2C5B60097CF47 /* SimpleGeo-Info.plist */,
				94E6A16613CE0391004F0E45 /* Imported Libraries */,
			);
			name = Resources;
			sourceTree = "<group>";
		};
		940B3EF413EA13CF0022B5EF /* Classes */ = {
			isa = PBXGroup;
			children = (
				4A685D7A13FC28F20041F56E /* Utility */,
				940B3EF513EA13CF0022B5EF /* Client */,
				940B3F1113EA13CF0022B5EF /* Model */,
			);
			name = Classes;
			path = ../Shared/Classes;
			sourceTree = "<group>";
		};
		940B3EF513EA13CF0022B5EF /* Client */ = {
			isa = PBXGroup;
			children = (
				940B3EF613EA13CF0022B5EF /* Params */,
				940B3EFA13EA13CF0022B5EF /* Queries */,
				940B3F0513EA13CF0022B5EF /* Services */,
				940B3F0E13EA13CF0022B5EF /* SimpleGeo+Internal.h */,
				940B3F0F13EA13CF0022B5EF /* SimpleGeo.h */,
				940B3F1013EA13CF0022B5EF /* SimpleGeo.m */,
			);
			path = Client;
			sourceTree = "<group>";
		};
		940B3EF613EA13CF0022B5EF /* Params */ = {
			isa = PBXGroup;
			children = (
				940B3EF713EA13CF0022B5EF /* SGCategories.h */,
				940B3EF813EA13CF0022B5EF /* SGTypes.h */,
				940B3EF913EA13CF0022B5EF /* SGTypes.m */,
			);
			path = Params;
			sourceTree = "<group>";
		};
		940B3EFA13EA13CF0022B5EF /* Queries */ = {
			isa = PBXGroup;
			children = (
				940B3EFB13EA13CF0022B5EF /* SGContextQuery.h */,
				940B3EFC13EA13CF0022B5EF /* SGContextQuery.m */,
				940B3EFD13EA13CF0022B5EF /* SGNearbyQuery.h */,
				940B3EFE13EA13CF0022B5EF /* SGNearbyQuery.m */,
				940B3EFF13EA13CF0022B5EF /* SGPlacesQuery.h */,
				940B3F0013EA13CF0022B5EF /* SGPlacesQuery.m */,
				940B3F0113EA13CF0022B5EF /* SGQuery.h */,
				940B3F0213EA13CF0022B5EF /* SGQuery.m */,
				940B3F0313EA13CF0022B5EF /* SGStorageQuery.h */,
				940B3F0413EA13CF0022B5EF /* SGStorageQuery.m */,
			);
			path = Queries;
			sourceTree = "<group>";
		};
		940B3F0513EA13CF0022B5EF /* Services */ = {
			isa = PBXGroup;
			children = (
				940B3F0613EA13CF0022B5EF /* SimpleGeo+Context.h */,
				940B3F0713EA13CF0022B5EF /* SimpleGeo+Context.m */,
				940B3F0813EA13CF0022B5EF /* SimpleGeo+Features.h */,
				940B3F0913EA13CF0022B5EF /* SimpleGeo+Features.m */,
				940B3F0A13EA13CF0022B5EF /* SimpleGeo+Places.h */,
				940B3F0B13EA13CF0022B5EF /* SimpleGeo+Places.m */,
				940B3F0C13EA13CF0022B5EF /* SimpleGeo+Storage.h */,
				940B3F0D13EA13CF0022B5EF /* SimpleGeo+Storage.m */,
			);
			path = Services;
			sourceTree = "<group>";
		};
		940B3F1113EA13CF0022B5EF /* Model */ = {
			isa = PBXGroup;
			children = (
				940B3F1213EA13CF0022B5EF /* Additions */,
				940B3F1713EA13CF0022B5EF /* Addresses */,
				940B3F1E13EA13CF0022B5EF /* Geo Objects */,
				940B3F2713EA13CF0022B5EF /* Geometries */,
				940B3F7313EA13E70022B5EF /* Mapkit */,
				940B3F3413EA13CF0022B5EF /* SGContext.h */,
				940B3F3513EA13CF0022B5EF /* SGContext.m */,
				940B3F3613EA13CF0022B5EF /* SGLayer.h */,
				940B3F3713EA13CF0022B5EF /* SGLayer.m */,
			);
			path = Model;
			sourceTree = "<group>";
		};
		940B3F1213EA13CF0022B5EF /* Additions */ = {
			isa = PBXGroup;
			children = (
				940B3F1313EA13CF0022B5EF /* NSArray+SGCollection.h */,
				940B3F1413EA13CF0022B5EF /* NSArray+SGCollection.m */,
				940B3F1513EA13CF0022B5EF /* NSDictionary+Classifier.h */,
				940B3F1613EA13CF0022B5EF /* NSDictionary+Classifier.m */,
			);
			path = Additions;
			sourceTree = "<group>";
		};
		940B3F1713EA13CF0022B5EF /* Addresses */ = {
			isa = PBXGroup;
			children = (
				940B3F1813EA13CF0022B5EF /* SGAddress+Internal.h */,
				940B3F1913EA13CF0022B5EF /* SGAddress.h */,
				940B3F1A13EA13CF0022B5EF /* SGAddress.m */,
				940B3F1B13EA13CF0022B5EF /* SGPlacemark+Internal.h */,
				940B3F1C13EA13CF0022B5EF /* SGPlacemark.h */,
				940B3F1D13EA13CF0022B5EF /* SGPlacemark.m */,
			);
			path = Addresses;
			sourceTree = "<group>";
		};
		940B3F1E13EA13CF0022B5EF /* Geo Objects */ = {
			isa = PBXGroup;
			children = (
				940B3F1F13EA13CF0022B5EF /* SGFeature.h */,
				940B3F2013EA13CF0022B5EF /* SGFeature.m */,
				940B3F2113EA13CF0022B5EF /* SGGeoObject.h */,
				940B3F2213EA13CF0022B5EF /* SGGeoObject.m */,
				940B3F2313EA13CF0022B5EF /* SGPlace.h */,
				940B3F2413EA13CF0022B5EF /* SGPlace.m */,
				940B3F2513EA13CF0022B5EF /* SGStoredRecord.h */,
				940B3F2613EA13CF0022B5EF /* SGStoredRecord.m */,
			);
			path = "Geo Objects";
			sourceTree = "<group>";
		};
		940B3F2713EA13CF0022B5EF /* Geometries */ = {
			isa = PBXGroup;
			children = (
				940B3F2813EA13CF0022B5EF /* SGEnvelope.h */,
				940B3F2913EA13CF0022B5EF /* SGEnvelope.m */,
				940B3F2A13EA13CF0022B5EF /* SGGeometry.h */,
				940B3F2B13EA13CF0022B5EF /* SGGeometry.m */,
				940B3F2C13EA13CF0022B5EF /* SGMultiPolygon.h */,
				940B3F2D13EA13CF0022B5EF /* SGMultiPolygon.m */,
				940B3F2E13EA13CF0022B5EF /* SGPoint+Internal.h */,
				940B3F2F13EA13CF0022B5EF /* SGPoint.h */,
				940B3F3013EA13CF0022B5EF /* SGPoint.m */,
				940B3F3113EA13CF0022B5EF /* SGPolygon+Internal.h */,
				940B3F3213EA13CF0022B5EF /* SGPolygon.h */,
				940B3F3313EA13CF0022B5EF /* SGPolygon.m */,
			);
			path = Geometries;
			sourceTree = "<group>";
		};
		940B3F7313EA13E70022B5EF /* Mapkit */ = {
			isa = PBXGroup;
			children = (
				940B3F7413EA13E70022B5EF /* SGEnvelope+Mapkit.h */,
				940B3F7513EA13E70022B5EF /* SGEnvelope+Mapkit.m */,
				940B3F7613EA13E70022B5EF /* SGGeometry+Mapkit.h */,
				940B3F7713EA13E70022B5EF /* SGGeometry+Mapkit.m */,
				940B3F7813EA13E70022B5EF /* SGMultiPolygon+Mapkit.h */,
				940B3F7913EA13E70022B5EF /* SGMultiPolygon+Mapkit.m */,
				940B3F7A13EA13E70022B5EF /* SGPoint+Mapkit.h */,
				940B3F7B13EA13E70022B5EF /* SGPoint+Mapkit.m */,
				940B3F7C13EA13E70022B5EF /* SGPolygon+Mapkit.h */,
				940B3F7D13EA13E70022B5EF /* SGPolygon+Mapkit.m */,
			);
			name = Mapkit;
			path = Classes/Mapkit;
			sourceTree = SOURCE_ROOT;
		};
		940B452113EA15310022B5EF /* SGObjCHTTP */ = {
			isa = PBXGroup;
			children = (
				940B452213EA15310022B5EF /* Classes */,
				940B452513EA15310022B5EF /* Resources */,
			);
			name = SGObjCHTTP;
			path = ../Shared/Resources/SGObjCHTTP/SGObjCHTTP;
			sourceTree = "<group>";
		};
		940B452213EA15310022B5EF /* Classes */ = {
			isa = PBXGroup;
			children = (
				4AFD5ED51405C1FA007B61EF /* SGCallback.h */,
				4AFD5ED61405C1FA007B61EF /* SGCallback.m */,
				940B452313EA15310022B5EF /* SGHTTPClient.h */,
				940B452413EA15310022B5EF /* SGHTTPClient.m */,
			);
			path = Classes;
			sourceTree = "<group>";
		};
		940B452513EA15310022B5EF /* Resources */ = {
			isa = PBXGroup;
			children = (
				4AFD5ED91405C207007B61EF /* asi-http-request */,
				4AFD5EF01405C207007B61EF /* asi-http-request-oauth */,
				4AFD5EFA1405C207007B61EF /* JSONKit */,
				940B468113EA15310022B5EF /* SGObjCHTTP-Prefix.pch */,
			);
			path = Resources;
			sourceTree = "<group>";
		};
		94E6A16613CE0391004F0E45 /* Imported Libraries */ = {
			isa = PBXGroup;
			children = (
				940B452113EA15310022B5EF /* SGObjCHTTP */,
			);
			name = "Imported Libraries";
			sourceTree = "<group>";
		};
/* End PBXGroup section */

/* Begin PBXHeadersBuildPhase section */
		5DF1FBDC12C2C7860097CF47 /* Headers */ = {
			isa = PBXHeadersBuildPhase;
			buildActionMask = 2147483647;
			files = (
				940B3F3813EA13CF0022B5EF /* SGCategories.h in Headers */,
				940B3F3913EA13CF0022B5EF /* SGTypes.h in Headers */,
				940B3F3B13EA13CF0022B5EF /* SGContextQuery.h in Headers */,
				940B3F3D13EA13CF0022B5EF /* SGNearbyQuery.h in Headers */,
				940B3F3F13EA13CF0022B5EF /* SGPlacesQuery.h in Headers */,
				940B3F4113EA13CF0022B5EF /* SGQuery.h in Headers */,
				940B3F4313EA13CF0022B5EF /* SGStorageQuery.h in Headers */,
				940B3F4513EA13CF0022B5EF /* SimpleGeo+Context.h in Headers */,
				940B3F4713EA13CF0022B5EF /* SimpleGeo+Features.h in Headers */,
				940B3F4913EA13CF0022B5EF /* SimpleGeo+Places.h in Headers */,
				940B3F4B13EA13CF0022B5EF /* SimpleGeo+Storage.h in Headers */,
				940B3F4E13EA13CF0022B5EF /* SimpleGeo.h in Headers */,
				940B3F5013EA13CF0022B5EF /* NSArray+SGCollection.h in Headers */,
				940B3F5213EA13CF0022B5EF /* NSDictionary+Classifier.h in Headers */,
				940B3F5513EA13CF0022B5EF /* SGAddress.h in Headers */,
				940B3F5813EA13CF0022B5EF /* SGPlacemark.h in Headers */,
				940B3F5A13EA13CF0022B5EF /* SGFeature.h in Headers */,
				940B3F5C13EA13CF0022B5EF /* SGGeoObject.h in Headers */,
				940B3F5E13EA13CF0022B5EF /* SGPlace.h in Headers */,
				940B3F6013EA13CF0022B5EF /* SGStoredRecord.h in Headers */,
				940B3F6213EA13CF0022B5EF /* SGEnvelope.h in Headers */,
				940B3F6413EA13CF0022B5EF /* SGGeometry.h in Headers */,
				940B3F6613EA13CF0022B5EF /* SGMultiPolygon.h in Headers */,
				940B3F6913EA13CF0022B5EF /* SGPoint.h in Headers */,
				940B3F6C13EA13CF0022B5EF /* SGPolygon.h in Headers */,
				940B3F6E13EA13CF0022B5EF /* SGContext.h in Headers */,
				940B3F7013EA13CF0022B5EF /* SGLayer.h in Headers */,
				940B3F7E13EA13E70022B5EF /* SGEnvelope+Mapkit.h in Headers */,
				940B3F8013EA13E70022B5EF /* SGGeometry+Mapkit.h in Headers */,
				940B3F8213EA13E70022B5EF /* SGMultiPolygon+Mapkit.h in Headers */,
				940B3F8413EA13E70022B5EF /* SGPoint+Mapkit.h in Headers */,
				940B3F8613EA13E70022B5EF /* SGPolygon+Mapkit.h in Headers */,
				940B468D13EA15310022B5EF /* SGHTTPClient.h in Headers */,
				940B3F4D13EA13CF0022B5EF /* SimpleGeo+Internal.h in Headers */,
				940B3F5413EA13CF0022B5EF /* SGAddress+Internal.h in Headers */,
				940B3F5713EA13CF0022B5EF /* SGPlacemark+Internal.h in Headers */,
				940B3F6813EA13CF0022B5EF /* SGPoint+Internal.h in Headers */,
				4A685D7D13FC290A0041F56E /* SGPreprocessorMacros.h in Headers */,
				940B3F6B13EA13CF0022B5EF /* SGPolygon+Internal.h in Headers */,
				940B3F8913EA13F50022B5EF /* SimpleGeo-Prefix.pch in Headers */,
				940B478813EA15310022B5EF /* SGObjCHTTP-Prefix.pch in Headers */,
				4AFD5ED71405C1FA007B61EF /* SGCallback.h in Headers */,
				4AFD5EFD1405C207007B61EF /* SGASICacheDelegate.h in Headers */,
				4AFD5EFE1405C207007B61EF /* SGASIDataCompressor.h in Headers */,
				4AFD5F001405C207007B61EF /* SGASIDataDecompressor.h in Headers */,
				4AFD5F021405C207007B61EF /* SGASIDownloadCache.h in Headers */,
				4AFD5F041405C207007B61EF /* SGASIFormDataRequest.h in Headers */,
				4AFD5F061405C207007B61EF /* SGASIHTTPRequest.h in Headers */,
				4AFD5F081405C207007B61EF /* SGASIHTTPRequestConfig.h in Headers */,
				4AFD5F091405C207007B61EF /* SGASIHTTPRequestDelegate.h in Headers */,
				4AFD5F0A1405C207007B61EF /* SGASIInputStream.h in Headers */,
				4AFD5F0C1405C207007B61EF /* SGASINetworkQueue.h in Headers */,
				4AFD5F0E1405C207007B61EF /* SGASIProgressDelegate.h in Headers */,
				4AFD5F101405C207007B61EF /* SGReachability.h in Headers */,
				4AFD5F131405C207007B61EF /* SGASIFormDataRequest+OAuth.h in Headers */,
				4AFD5F151405C207007B61EF /* SGASIHTTPRequest+OAuth.h in Headers */,
				4AFD5F171405C207007B61EF /* SGNSData+Base64.h in Headers */,
				4AFD5F191405C207007B61EF /* SGNSString+URLEncode.h in Headers */,
				4AFD5F1B1405C207007B61EF /* SGJSONKit.h in Headers */,
			);
			runOnlyForDeploymentPostprocessing = 0;
		};
/* End PBXHeadersBuildPhase section */

/* Begin PBXNativeTarget section */
		5DF1FB8412C2C5B60097CF47 /* SimpleGeo */ = {
			isa = PBXNativeTarget;
			buildConfigurationList = 5DF1FB8912C2C5B70097CF47 /* Build configuration list for PBXNativeTarget "SimpleGeo" */;
			buildPhases = (
				5DF1FBDC12C2C7860097CF47 /* Headers */,
				5DF1FB8112C2C5B60097CF47 /* Resources */,
				5DF1FB8212C2C5B60097CF47 /* Sources */,
				5DF1FB8312C2C5B60097CF47 /* Frameworks */,
			);
			buildRules = (
			);
			dependencies = (
			);
			name = SimpleGeo;
			productName = SimpleGeo;
			productReference = 5DF1FB8512C2C5B60097CF47 /* SimpleGeo.framework */;
			productType = "com.apple.product-type.bundle";
		};
/* End PBXNativeTarget section */

/* Begin PBXProject section */
		0867D690FE84028FC02AAC07 /* Project object */ = {
			isa = PBXProject;
			attributes = {
				LastUpgradeCheck = 0420;
			};
			buildConfigurationList = 1DEB922208733DC00010E9CD /* Build configuration list for PBXProject "SimpleGeo" */;
			compatibilityVersion = "Xcode 3.2";
			developmentRegion = English;
			hasScannedForEncodings = 1;
			knownRegions = (
				English,
				Japanese,
				French,
				German,
			);
			mainGroup = 0867D691FE84028FC02AAC07 /* SimpleGeo */;
			productRefGroup = 034768DFFF38A50411DB9C8B /* Products */;
			projectDirPath = "";
			projectRoot = "";
			targets = (
				5DF1FB8412C2C5B60097CF47 /* SimpleGeo */,
			);
		};
/* End PBXProject section */

/* Begin PBXResourcesBuildPhase section */
		5DF1FB8112C2C5B60097CF47 /* Resources */ = {
			isa = PBXResourcesBuildPhase;
			buildActionMask = 2147483647;
			files = (
			);
			runOnlyForDeploymentPostprocessing = 0;
		};
/* End PBXResourcesBuildPhase section */

/* Begin PBXSourcesBuildPhase section */
		5DF1FB8212C2C5B60097CF47 /* Sources */ = {
			isa = PBXSourcesBuildPhase;
			buildActionMask = 2147483647;
			files = (
				940B3F3A13EA13CF0022B5EF /* SGTypes.m in Sources */,
				940B3F3C13EA13CF0022B5EF /* SGContextQuery.m in Sources */,
				940B3F3E13EA13CF0022B5EF /* SGNearbyQuery.m in Sources */,
				940B3F4013EA13CF0022B5EF /* SGPlacesQuery.m in Sources */,
				940B3F4213EA13CF0022B5EF /* SGQuery.m in Sources */,
				940B3F4413EA13CF0022B5EF /* SGStorageQuery.m in Sources */,
				940B3F4613EA13CF0022B5EF /* SimpleGeo+Context.m in Sources */,
				940B3F4813EA13CF0022B5EF /* SimpleGeo+Features.m in Sources */,
				940B3F4A13EA13CF0022B5EF /* SimpleGeo+Places.m in Sources */,
				940B3F4C13EA13CF0022B5EF /* SimpleGeo+Storage.m in Sources */,
				940B3F4F13EA13CF0022B5EF /* SimpleGeo.m in Sources */,
				940B3F5113EA13CF0022B5EF /* NSArray+SGCollection.m in Sources */,
				940B3F5313EA13CF0022B5EF /* NSDictionary+Classifier.m in Sources */,
				940B3F5613EA13CF0022B5EF /* SGAddress.m in Sources */,
				940B3F5913EA13CF0022B5EF /* SGPlacemark.m in Sources */,
				940B3F5B13EA13CF0022B5EF /* SGFeature.m in Sources */,
				940B3F5D13EA13CF0022B5EF /* SGGeoObject.m in Sources */,
				940B3F5F13EA13CF0022B5EF /* SGPlace.m in Sources */,
				940B3F6113EA13CF0022B5EF /* SGStoredRecord.m in Sources */,
				940B3F6313EA13CF0022B5EF /* SGEnvelope.m in Sources */,
				940B3F6513EA13CF0022B5EF /* SGGeometry.m in Sources */,
				940B3F6713EA13CF0022B5EF /* SGMultiPolygon.m in Sources */,
				940B3F6A13EA13CF0022B5EF /* SGPoint.m in Sources */,
				940B3F6D13EA13CF0022B5EF /* SGPolygon.m in Sources */,
				940B3F6F13EA13CF0022B5EF /* SGContext.m in Sources */,
				940B3F7113EA13CF0022B5EF /* SGLayer.m in Sources */,
				940B3F7F13EA13E70022B5EF /* SGEnvelope+Mapkit.m in Sources */,
				940B3F8113EA13E70022B5EF /* SGGeometry+Mapkit.m in Sources */,
				940B3F8313EA13E70022B5EF /* SGMultiPolygon+Mapkit.m in Sources */,
				940B3F8513EA13E70022B5EF /* SGPoint+Mapkit.m in Sources */,
				940B3F8713EA13E70022B5EF /* SGPolygon+Mapkit.m in Sources */,
				940B468E13EA15310022B5EF /* SGHTTPClient.m in Sources */,
				4AFD5ED81405C1FA007B61EF /* SGCallback.m in Sources */,
				4AFD5EFF1405C207007B61EF /* SGASIDataCompressor.m in Sources */,
				4AFD5F011405C207007B61EF /* SGASIDataDecompressor.m in Sources */,
				4AFD5F031405C207007B61EF /* SGASIDownloadCache.m in Sources */,
				4AFD5F051405C207007B61EF /* SGASIFormDataRequest.m in Sources */,
				4AFD5F071405C207007B61EF /* SGASIHTTPRequest.m in Sources */,
				4AFD5F0B1405C207007B61EF /* SGASIInputStream.m in Sources */,
				4AFD5F0D1405C207007B61EF /* SGASINetworkQueue.m in Sources */,
				4AFD5F111405C207007B61EF /* SGReachability.m in Sources */,
				4AFD5F141405C207007B61EF /* SGASIFormDataRequest+OAuth.m in Sources */,
				4AFD5F161405C207007B61EF /* SGASIHTTPRequest+OAuth.m in Sources */,
				4AFD5F181405C207007B61EF /* SGNSData+Base64.m in Sources */,
				4AFD5F1A1405C207007B61EF /* SGNSString+URLEncode.m in Sources */,
				4AFD5F1C1405C207007B61EF /* SGJSONKit.m in Sources */,
			);
			runOnlyForDeploymentPostprocessing = 0;
		};
/* End PBXSourcesBuildPhase section */

/* Begin XCBuildConfiguration section */
		1DEB922308733DC00010E9CD /* Debug */ = {
			isa = XCBuildConfiguration;
			buildSettings = {
				ARCHS = "$(ARCHS_STANDARD_32_BIT)";
				GCC_C_LANGUAGE_STANDARD = c99;
				GCC_OPTIMIZATION_LEVEL = 0;
				GCC_WARN_ABOUT_RETURN_TYPE = YES;
				GCC_WARN_UNUSED_VARIABLE = YES;
				IPHONEOS_DEPLOYMENT_TARGET = 3.0;
				OTHER_LDFLAGS = "-ObjC";
				SDKROOT = iphoneos;
			};
			name = Debug;
		};
		1DEB922408733DC00010E9CD /* Release */ = {
			isa = XCBuildConfiguration;
			buildSettings = {
				ARCHS = "$(ARCHS_STANDARD_32_BIT)";
				GCC_C_LANGUAGE_STANDARD = c99;
				GCC_WARN_ABOUT_RETURN_TYPE = YES;
				GCC_WARN_UNUSED_VARIABLE = YES;
				IPHONEOS_DEPLOYMENT_TARGET = 3.0;
				OTHER_LDFLAGS = "-ObjC";
				SDKROOT = iphoneos;
			};
			name = Release;
		};
		5DF1FB8712C2C5B60097CF47 /* Debug */ = {
			isa = XCBuildConfiguration;
			baseConfigurationReference = 940B451B13EA150A0022B5EF /* Debug.xcconfig */;
			buildSettings = {
				FRAMEWORK_SEARCH_PATHS = "";
				GCC_PREFIX_HEADER = "SimpleGeo-Prefix.pch";
				GCC_VERSION = com.apple.compilers.llvmgcc42;
				INFOPLIST_FILE = "SimpleGeo-Info.plist";
				SYMROOT = Build;
			};
			name = Debug;
		};
		5DF1FB8812C2C5B60097CF47 /* Release */ = {
			isa = XCBuildConfiguration;
			baseConfigurationReference = 940B451C13EA150A0022B5EF /* Release.xcconfig */;
			buildSettings = {
				FRAMEWORK_SEARCH_PATHS = "";
				GCC_PREFIX_HEADER = "SimpleGeo-Prefix.pch";
				GCC_VERSION = com.apple.compilers.llvmgcc42;
				INFOPLIST_FILE = "SimpleGeo-Info.plist";
				SYMROOT = Build;
			};
			name = Release;
		};
/* End XCBuildConfiguration section */

/* Begin XCConfigurationList section */
		1DEB922208733DC00010E9CD /* Build configuration list for PBXProject "SimpleGeo" */ = {
			isa = XCConfigurationList;
			buildConfigurations = (
				1DEB922308733DC00010E9CD /* Debug */,
				1DEB922408733DC00010E9CD /* Release */,
			);
			defaultConfigurationIsVisible = 0;
			defaultConfigurationName = Release;
		};
		5DF1FB8912C2C5B70097CF47 /* Build configuration list for PBXNativeTarget "SimpleGeo" */ = {
			isa = XCConfigurationList;
			buildConfigurations = (
				5DF1FB8712C2C5B60097CF47 /* Debug */,
				5DF1FB8812C2C5B60097CF47 /* Release */,
			);
			defaultConfigurationIsVisible = 0;
			defaultConfigurationName = Release;
		};
/* End XCConfigurationList section */
	};
	rootObject = 0867D690FE84028FC02AAC07 /* Project object */;
}
